// !$*UTF8*$!
{
	archiveVersion = 1;
	classes = {
	};
	objectVersion = 55;
	objects = {

/* Begin PBXBuildFile section */
		C5A69A3A27C009A10003A854 /* AppDelegate.swift in Sources */ = {isa = PBXBuildFile; fileRef = C5A69A3927C009A10003A854 /* AppDelegate.swift */; };
		C5A69A3C27C009A10003A854 /* SceneDelegate.swift in Sources */ = {isa = PBXBuildFile; fileRef = C5A69A3B27C009A10003A854 /* SceneDelegate.swift */; };
		C5A69A3E27C009A10003A854 /* ViewController.swift in Sources */ = {isa = PBXBuildFile; fileRef = C5A69A3D27C009A10003A854 /* ViewController.swift */; };
		C5A69A4127C009A10003A854 /* Main.storyboard in Resources */ = {isa = PBXBuildFile; fileRef = C5A69A3F27C009A10003A854 /* Main.storyboard */; };
		C5A69A4327C009A20003A854 /* Assets.xcassets in Resources */ = {isa = PBXBuildFile; fileRef = C5A69A4227C009A20003A854 /* Assets.xcassets */; };
		C5A69A4627C009A20003A854 /* LaunchScreen.storyboard in Resources */ = {isa = PBXBuildFile; fileRef = C5A69A4427C009A20003A854 /* LaunchScreen.storyboard */; };
		C5A69A5127C009A20003A854 /* DelegateTests.swift in Sources */ = {isa = PBXBuildFile; fileRef = C5A69A5027C009A20003A854 /* DelegateTests.swift */; };
		C5A69A5B27C009A20003A854 /* DelegateUITests.swift in Sources */ = {isa = PBXBuildFile; fileRef = C5A69A5A27C009A20003A854 /* DelegateUITests.swift */; };
		C5A69A5D27C009A20003A854 /* DelegateUITestsLaunchTests.swift in Sources */ = {isa = PBXBuildFile; fileRef = C5A69A5C27C009A20003A854 /* DelegateUITestsLaunchTests.swift */; };
		C5A69A6A27C009D50003A854 /* ModalViewController.swift in Sources */ = {isa = PBXBuildFile; fileRef = C5A69A6927C009D50003A854 /* ModalViewController.swift */; };
/* End PBXBuildFile section */

/* Begin PBXContainerItemProxy section */
		C5A69A4D27C009A20003A854 /* PBXContainerItemProxy */ = {
			isa = PBXContainerItemProxy;
			containerPortal = C5A69A2E27C009A10003A854 /* Project object */;
			proxyType = 1;
			remoteGlobalIDString = C5A69A3527C009A10003A854;
			remoteInfo = Delegate;
		};
		C5A69A5727C009A20003A854 /* PBXContainerItemProxy */ = {
			isa = PBXContainerItemProxy;
			containerPortal = C5A69A2E27C009A10003A854 /* Project object */;
			proxyType = 1;
			remoteGlobalIDString = C5A69A3527C009A10003A854;
			remoteInfo = Delegate;
		};
/* End PBXContainerItemProxy section */

/* Begin PBXFileReference section */
		C5A69A3627C009A10003A854 /* Delegate.app */ = {isa = PBXFileReference; explicitFileType = wrapper.application; includeInIndex = 0; path = Delegate.app; sourceTree = BUILT_PRODUCTS_DIR; };
		C5A69A3927C009A10003A854 /* AppDelegate.swift */ = {isa = PBXFileReference; lastKnownFileType = sourcecode.swift; path = AppDelegate.swift; sourceTree = "<group>"; };
		C5A69A3B27C009A10003A854 /* SceneDelegate.swift */ = {isa = PBXFileReference; lastKnownFileType = sourcecode.swift; path = SceneDelegate.swift; sourceTree = "<group>"; };
		C5A69A3D27C009A10003A854 /* ViewController.swift */ = {isa = PBXFileReference; lastKnownFileType = sourcecode.swift; path = ViewController.swift; sourceTree = "<group>"; };
		C5A69A4027C009A10003A854 /* Base */ = {isa = PBXFileReference; lastKnownFileType = file.storyboard; name = Base; path = Base.lproj/Main.storyboard; sourceTree = "<group>"; };
		C5A69A4227C009A20003A854 /* Assets.xcassets */ = {isa = PBXFileReference; lastKnownFileType = folder.assetcatalog; path = Assets.xcassets; sourceTree = "<group>"; };
		C5A69A4527C009A20003A854 /* Base */ = {isa = PBXFileReference; lastKnownFileType = file.storyboard; name = Base; path = Base.lproj/LaunchScreen.storyboard; sourceTree = "<group>"; };
		C5A69A4727C009A20003A854 /* Info.plist */ = {isa = PBXFileReference; lastKnownFileType = text.plist.xml; path = Info.plist; sourceTree = "<group>"; };
		C5A69A4C27C009A20003A854 /* DelegateTests.xctest */ = {isa = PBXFileReference; explicitFileType = wrapper.cfbundle; includeInIndex = 0; path = DelegateTests.xctest; sourceTree = BUILT_PRODUCTS_DIR; };
		C5A69A5027C009A20003A854 /* DelegateTests.swift */ = {isa = PBXFileReference; lastKnownFileType = sourcecode.swift; path = DelegateTests.swift; sourceTree = "<group>"; };
		C5A69A5627C009A20003A854 /* DelegateUITests.xctest */ = {isa = PBXFileReference; explicitFileType = wrapper.cfbundle; includeInIndex = 0; path = DelegateUITests.xctest; sourceTree = BUILT_PRODUCTS_DIR; };
		C5A69A5A27C009A20003A854 /* DelegateUITests.swift */ = {isa = PBXFileReference; lastKnownFileType = sourcecode.swift; path = DelegateUITests.swift; sourceTree = "<group>"; };
		C5A69A5C27C009A20003A854 /* DelegateUITestsLaunchTests.swift */ = {isa = PBXFileReference; lastKnownFileType = sourcecode.swift; path = DelegateUITestsLaunchTests.swift; sourceTree = "<group>"; };
		C5A69A6927C009D50003A854 /* ModalViewController.swift */ = {isa = PBXFileReference; lastKnownFileType = sourcecode.swift; path = ModalViewController.swift; sourceTree = "<group>"; };
/* End PBXFileReference section */

/* Begin PBXFrameworksBuildPhase section */
		C5A69A3327C009A10003A854 /* Frameworks */ = {
			isa = PBXFrameworksBuildPhase;
			buildActionMask = 2147483647;
			files = (
			);
			runOnlyForDeploymentPostprocessing = 0;
		};
		C5A69A4927C009A20003A854 /* Frameworks */ = {
			isa = PBXFrameworksBuildPhase;
			buildActionMask = 2147483647;
			files = (
			);
			runOnlyForDeploymentPostprocessing = 0;
		};
		C5A69A5327C009A20003A854 /* Frameworks */ = {
			isa = PBXFrameworksBuildPhase;
			buildActionMask = 2147483647;
			files = (
			);
			runOnlyForDeploymentPostprocessing = 0;
		};
/* End PBXFrameworksBuildPhase section */

/* Begin PBXGroup section */
		C5A69A2D27C009A10003A854 = {
			isa = PBXGroup;
			children = (
				C5A69A3827C009A10003A854 /* Delegate */,
				C5A69A4F27C009A20003A854 /* DelegateTests */,
				C5A69A5927C009A20003A854 /* DelegateUITests */,
				C5A69A3727C009A10003A854 /* Products */,
			);
			sourceTree = "<group>";
		};
		C5A69A3727C009A10003A854 /* Products */ = {
			isa = PBXGroup;
			children = (
				C5A69A3627C009A10003A854 /* Delegate.app */,
				C5A69A4C27C009A20003A854 /* DelegateTests.xctest */,
				C5A69A5627C009A20003A854 /* DelegateUITests.xctest */,
			);
			name = Products;
			sourceTree = "<group>";
		};
		C5A69A3827C009A10003A854 /* Delegate */ = {
			isa = PBXGroup;
			children = (
				C5A69A3927C009A10003A854 /* AppDelegate.swift */,
				C5A69A3B27C009A10003A854 /* SceneDelegate.swift */,
				C5A69A3D27C009A10003A854 /* ViewController.swift */,
				C5A69A3F27C009A10003A854 /* Main.storyboard */,
				C5A69A6927C009D50003A854 /* ModalViewController.swift */,
				C5A69A4227C009A20003A854 /* Assets.xcassets */,
				C5A69A4427C009A20003A854 /* LaunchScreen.storyboard */,
				C5A69A4727C009A20003A854 /* Info.plist */,
			);
			path = Delegate;
			sourceTree = "<group>";
		};
		C5A69A4F27C009A20003A854 /* DelegateTests */ = {
			isa = PBXGroup;
			children = (
				C5A69A5027C009A20003A854 /* DelegateTests.swift */,
			);
			path = DelegateTests;
			sourceTree = "<group>";
		};
		C5A69A5927C009A20003A854 /* DelegateUITests */ = {
			isa = PBXGroup;
			children = (
				C5A69A5A27C009A20003A854 /* DelegateUITests.swift */,
				C5A69A5C27C009A20003A854 /* DelegateUITestsLaunchTests.swift */,
			);
			path = DelegateUITests;
			sourceTree = "<group>";
		};
/* End PBXGroup section */

/* Begin PBXNativeTarget section */
		C5A69A3527C009A10003A854 /* Delegate */ = {
			isa = PBXNativeTarget;
			buildConfigurationList = C5A69A6027C009A20003A854 /* Build configuration list for PBXNativeTarget "Delegate" */;
			buildPhases = (
				C5A69A3227C009A10003A854 /* Sources */,
				C5A69A3327C009A10003A854 /* Frameworks */,
				C5A69A3427C009A10003A854 /* Resources */,
			);
			buildRules = (
			);
			dependencies = (
			);
			name = Delegate;
			productName = Delegate;
			productReference = C5A69A3627C009A10003A854 /* Delegate.app */;
			productType = "com.apple.product-type.application";
		};
		C5A69A4B27C009A20003A854 /* DelegateTests */ = {
			isa = PBXNativeTarget;
			buildConfigurationList = C5A69A6327C009A20003A854 /* Build configuration list for PBXNativeTarget "DelegateTests" */;
			buildPhases = (
				C5A69A4827C009A20003A854 /* Sources */,
				C5A69A4927C009A20003A854 /* Frameworks */,
				C5A69A4A27C009A20003A854 /* Resources */,
			);
			buildRules = (
			);
			dependencies = (
				C5A69A4E27C009A20003A854 /* PBXTargetDependency */,
			);
			name = DelegateTests;
			productName = DelegateTests;
			productReference = C5A69A4C27C009A20003A854 /* DelegateTests.xctest */;
			productType = "com.apple.product-type.bundle.unit-test";
		};
		C5A69A5527C009A20003A854 /* DelegateUITests */ = {
			isa = PBXNativeTarget;
			buildConfigurationList = C5A69A6627C009A20003A854 /* Build configuration list for PBXNativeTarget "DelegateUITests" */;
			buildPhases = (
				C5A69A5227C009A20003A854 /* Sources */,
				C5A69A5327C009A20003A854 /* Frameworks */,
				C5A69A5427C009A20003A854 /* Resources */,
			);
			buildRules = (
			);
			dependencies = (
				C5A69A5827C009A20003A854 /* PBXTargetDependency */,
			);
			name = DelegateUITests;
			productName = DelegateUITests;
			productReference = C5A69A5627C009A20003A854 /* DelegateUITests.xctest */;
			productType = "com.apple.product-type.bundle.ui-testing";
		};
/* End PBXNativeTarget section */

/* Begin PBXProject section */
		C5A69A2E27C009A10003A854 /* Project object */ = {
			isa = PBXProject;
			attributes = {
				BuildIndependentTargetsInParallel = 1;
				LastSwiftUpdateCheck = 1320;
				LastUpgradeCheck = 1320;
				TargetAttributes = {
					C5A69A3527C009A10003A854 = {
						CreatedOnToolsVersion = 13.2.1;
					};
					C5A69A4B27C009A20003A854 = {
						CreatedOnToolsVersion = 13.2.1;
						TestTargetID = C5A69A3527C009A10003A854;
					};
					C5A69A5527C009A20003A854 = {
						CreatedOnToolsVersion = 13.2.1;
						TestTargetID = C5A69A3527C009A10003A854;
					};
				};
			};
			buildConfigurationList = C5A69A3127C009A10003A854 /* Build configuration list for PBXProject "Delegate" */;
			compatibilityVersion = "Xcode 13.0";
			developmentRegion = en;
			hasScannedForEncodings = 0;
			knownRegions = (
				en,
				Base,
			);
			mainGroup = C5A69A2D27C009A10003A854;
			productRefGroup = C5A69A3727C009A10003A854 /* Products */;
			projectDirPath = "";
			projectRoot = "";
			targets = (
				C5A69A3527C009A10003A854 /* Delegate */,
				C5A69A4B27C009A20003A854 /* DelegateTests */,
				C5A69A5527C009A20003A854 /* DelegateUITests */,
			);
		};
/* End PBXProject section */

/* Begin PBXResourcesBuildPhase section */
		C5A69A3427C009A10003A854 /* Resources */ = {
			isa = PBXResourcesBuildPhase;
			buildActionMask = 2147483647;
			files = (
				C5A69A4627C009A20003A854 /* LaunchScreen.storyboard in Resources */,
				C5A69A4327C009A20003A854 /* Assets.xcassets in Resources */,
				C5A69A4127C009A10003A854 /* Main.storyboard in Resources */,
			);
			runOnlyForDeploymentPostprocessing = 0;
		};
		C5A69A4A27C009A20003A854 /* Resources */ = {
			isa = PBXResourcesBuildPhase;
			buildActionMask = 2147483647;
			files = (
			);
			runOnlyForDeploymentPostprocessing = 0;
		};
		C5A69A5427C009A20003A854 /* Resources */ = {
			isa = PBXResourcesBuildPhase;
			buildActionMask = 2147483647;
			files = (
			);
			runOnlyForDeploymentPostprocessing = 0;
		};
/* End PBXResourcesBuildPhase section */

/* Begin PBXSourcesBuildPhase section */
		C5A69A3227C009A10003A854 /* Sources */ = {
			isa = PBXSourcesBuildPhase;
			buildActionMask = 2147483647;
			files = (
				C5A69A6A27C009D50003A854 /* ModalViewController.swift in Sources */,
				C5A69A3E27C009A10003A854 /* ViewController.swift in Sources */,
				C5A69A3A27C009A10003A854 /* AppDelegate.swift in Sources */,
				C5A69A3C27C009A10003A854 /* SceneDelegate.swift in Sources */,
			);
			runOnlyForDeploymentPostprocessing = 0;
		};
		C5A69A4827C009A20003A854 /* Sources */ = {
			isa = PBXSourcesBuildPhase;
			buildActionMask = 2147483647;
			files = (
				C5A69A5127C009A20003A854 /* DelegateTests.swift in Sources */,
			);
			runOnlyForDeploymentPostprocessing = 0;
		};
		C5A69A5227C009A20003A854 /* Sources */ = {
			isa = PBXSourcesBuildPhase;
			buildActionMask = 2147483647;
			files = (
				C5A69A5D27C009A20003A854 /* DelegateUITestsLaunchTests.swift in Sources */,
				C5A69A5B27C009A20003A854 /* DelegateUITests.swift in Sources */,
			);
			runOnlyForDeploymentPostprocessing = 0;
		};
/* End PBXSourcesBuildPhase section */

/* Begin PBXTargetDependency section */
		C5A69A4E27C009A20003A854 /* PBXTargetDependency */ = {
			isa = PBXTargetDependency;
			target = C5A69A3527C009A10003A854 /* Delegate */;
			targetProxy = C5A69A4D27C009A20003A854 /* PBXContainerItemProxy */;
		};
		C5A69A5827C009A20003A854 /* PBXTargetDependency */ = {
			isa = PBXTargetDependency;
			target = C5A69A3527C009A10003A854 /* Delegate */;
			targetProxy = C5A69A5727C009A20003A854 /* PBXContainerItemProxy */;
		};
/* End PBXTargetDependency section */

/* Begin PBXVariantGroup section */
		C5A69A3F27C009A10003A854 /* Main.storyboard */ = {
			isa = PBXVariantGroup;
			children = (
				C5A69A4027C009A10003A854 /* Base */,
			);
			name = Main.storyboard;
			sourceTree = "<group>";
		};
		C5A69A4427C009A20003A854 /* LaunchScreen.storyboard */ = {
			isa = PBXVariantGroup;
			children = (
				C5A69A4527C009A20003A854 /* Base */,
			);
			name = LaunchScreen.storyboard;
			sourceTree = "<group>";
		};
/* End PBXVariantGroup section */

/* Begin XCBuildConfiguration section */
		C5A69A5E27C009A20003A854 /* Debug */ = {
			isa = XCBuildConfiguration;
			buildSettings = {
				ALWAYS_SEARCH_USER_PATHS = NO;
				CLANG_ANALYZER_NONNULL = YES;
				CLANG_ANALYZER_NUMBER_OBJECT_CONVERSION = YES_AGGRESSIVE;
				CLANG_CXX_LANGUAGE_STANDARD = "gnu++17";
				CLANG_CXX_LIBRARY = "libc++";
				CLANG_ENABLE_MODULES = YES;
				CLANG_ENABLE_OBJC_ARC = YES;
				CLANG_ENABLE_OBJC_WEAK = YES;
				CLANG_WARN_BLOCK_CAPTURE_AUTORELEASING = YES;
				CLANG_WARN_BOOL_CONVERSION = YES;
				CLANG_WARN_COMMA = YES;
				CLANG_WARN_CONSTANT_CONVERSION = YES;
				CLANG_WARN_DEPRECATED_OBJC_IMPLEMENTATIONS = YES;
				CLANG_WARN_DIRECT_OBJC_ISA_USAGE = YES_ERROR;
				CLANG_WARN_DOCUMENTATION_COMMENTS = YES;
				CLANG_WARN_EMPTY_BODY = YES;
				CLANG_WARN_ENUM_CONVERSION = YES;
				CLANG_WARN_INFINITE_RECURSION = YES;
				CLANG_WARN_INT_CONVERSION = YES;
				CLANG_WARN_NON_LITERAL_NULL_CONVERSION = YES;
				CLANG_WARN_OBJC_IMPLICIT_RETAIN_SELF = YES;
				CLANG_WARN_OBJC_LITERAL_CONVERSION = YES;
				CLANG_WARN_OBJC_ROOT_CLASS = YES_ERROR;
				CLANG_WARN_QUOTED_INCLUDE_IN_FRAMEWORK_HEADER = YES;
				CLANG_WARN_RANGE_LOOP_ANALYSIS = YES;
				CLANG_WARN_STRICT_PROTOTYPES = YES;
				CLANG_WARN_SUSPICIOUS_MOVE = YES;
				CLANG_WARN_UNGUARDED_AVAILABILITY = YES_AGGRESSIVE;
				CLANG_WARN_UNREACHABLE_CODE = YES;
				CLANG_WARN__DUPLICATE_METHOD_MATCH = YES;
				COPY_PHASE_STRIP = NO;
				DEBUG_INFORMATION_FORMAT = dwarf;
				ENABLE_STRICT_OBJC_MSGSEND = YES;
				ENABLE_TESTABILITY = YES;
				GCC_C_LANGUAGE_STANDARD = gnu11;
				GCC_DYNAMIC_NO_PIC = NO;
				GCC_NO_COMMON_BLOCKS = YES;
				GCC_OPTIMIZATION_LEVEL = 0;
				GCC_PREPROCESSOR_DEFINITIONS = (
					"DEBUG=1",
					"$(inherited)",
				);
				GCC_WARN_64_TO_32_BIT_CONVERSION = YES;
				GCC_WARN_ABOUT_RETURN_TYPE = YES_ERROR;
				GCC_WARN_UNDECLARED_SELECTOR = YES;
				GCC_WARN_UNINITIALIZED_AUTOS = YES_AGGRESSIVE;
				GCC_WARN_UNUSED_FUNCTION = YES;
				GCC_WARN_UNUSED_VARIABLE = YES;
				IPHONEOS_DEPLOYMENT_TARGET = 15.2;
				MTL_ENABLE_DEBUG_INFO = INCLUDE_SOURCE;
				MTL_FAST_MATH = YES;
				ONLY_ACTIVE_ARCH = YES;
				SDKROOT = iphoneos;
				SWIFT_ACTIVE_COMPILATION_CONDITIONS = DEBUG;
				SWIFT_OPTIMIZATION_LEVEL = "-Onone";
			};
			name = Debug;
		};
		C5A69A5F27C009A20003A854 /* Release */ = {
			isa = XCBuildConfiguration;
			buildSettings = {
				ALWAYS_SEARCH_USER_PATHS = NO;
				CLANG_ANALYZER_NONNULL = YES;
				CLANG_ANALYZER_NUMBER_OBJECT_CONVERSION = YES_AGGRESSIVE;
				CLANG_CXX_LANGUAGE_STANDARD = "gnu++17";
				CLANG_CXX_LIBRARY = "libc++";
				CLANG_ENABLE_MODULES = YES;
				CLANG_ENABLE_OBJC_ARC = YES;
				CLANG_ENABLE_OBJC_WEAK = YES;
				CLANG_WARN_BLOCK_CAPTURE_AUTORELEASING = YES;
				CLANG_WARN_BOOL_CONVERSION = YES;
				CLANG_WARN_COMMA = YES;
				CLANG_WARN_CONSTANT_CONVERSION = YES;
				CLANG_WARN_DEPRECATED_OBJC_IMPLEMENTATIONS = YES;
				CLANG_WARN_DIRECT_OBJC_ISA_USAGE = YES_ERROR;
				CLANG_WARN_DOCUMENTATION_COMMENTS = YES;
				CLANG_WARN_EMPTY_BODY = YES;
				CLANG_WARN_ENUM_CONVERSION = YES;
				CLANG_WARN_INFINITE_RECURSION = YES;
				CLANG_WARN_INT_CONVERSION = YES;
				CLANG_WARN_NON_LITERAL_NULL_CONVERSION = YES;
				CLANG_WARN_OBJC_IMPLICIT_RETAIN_SELF = YES;
				CLANG_WARN_OBJC_LITERAL_CONVERSION = YES;
				CLANG_WARN_OBJC_ROOT_CLASS = YES_ERROR;
				CLANG_WARN_QUOTED_INCLUDE_IN_FRAMEWORK_HEADER = YES;
				CLANG_WARN_RANGE_LOOP_ANALYSIS = YES;
				CLANG_WARN_STRICT_PROTOTYPES = YES;
				CLANG_WARN_SUSPICIOUS_MOVE = YES;
				CLANG_WARN_UNGUARDED_AVAILABILITY = YES_AGGRESSIVE;
				CLANG_WARN_UNREACHABLE_CODE = YES;
				CLANG_WARN__DUPLICATE_METHOD_MATCH = YES;
				COPY_PHASE_STRIP = NO;
				DEBUG_INFORMATION_FORMAT = "dwarf-with-dsym";
				ENABLE_NS_ASSERTIONS = NO;
				ENABLE_STRICT_OBJC_MSGSEND = YES;
				GCC_C_LANGUAGE_STANDARD = gnu11;
				GCC_NO_COMMON_BLOCKS = YES;
				GCC_WARN_64_TO_32_BIT_CONVERSION = YES;
				GCC_WARN_ABOUT_RETURN_TYPE = YES_ERROR;
				GCC_WARN_UNDECLARED_SELECTOR = YES;
				GCC_WARN_UNINITIALIZED_AUTOS = YES_AGGRESSIVE;
				GCC_WARN_UNUSED_FUNCTION = YES;
				GCC_WARN_UNUSED_VARIABLE = YES;
				IPHONEOS_DEPLOYMENT_TARGET = 15.2;
				MTL_ENABLE_DEBUG_INFO = NO;
				MTL_FAST_MATH = YES;
				SDKROOT = iphoneos;
				SWIFT_COMPILATION_MODE = wholemodule;
				SWIFT_OPTIMIZATION_LEVEL = "-O";
				VALIDATE_PRODUCT = YES;
			};
			name = Release;
		};
		C5A69A6127C009A20003A854 /* Debug */ = {
			isa = XCBuildConfiguration;
			buildSettings = {
				ASSETCATALOG_COMPILER_APPICON_NAME = AppIcon;
				ASSETCATALOG_COMPILER_GLOBAL_ACCENT_COLOR_NAME = AccentColor;
				CODE_SIGN_STYLE = Automatic;
				CURRENT_PROJECT_VERSION = 1;
				GENERATE_INFOPLIST_FILE = YES;
				INFOPLIST_FILE = Delegate/Info.plist;
				INFOPLIST_KEY_UIApplicationSupportsIndirectInputEvents = YES;
				INFOPLIST_KEY_UILaunchStoryboardName = LaunchScreen;
				INFOPLIST_KEY_UIMainStoryboardFile = Main;
				INFOPLIST_KEY_UISupportedInterfaceOrientations_iPad = "UIInterfaceOrientationPortrait UIInterfaceOrientationPortraitUpsideDown UIInterfaceOrientationLandscapeLeft UIInterfaceOrientationLandscapeRight";
				INFOPLIST_KEY_UISupportedInterfaceOrientations_iPhone = "UIInterfaceOrientationPortrait UIInterfaceOrientationLandscapeLeft UIInterfaceOrientationLandscapeRight";
				LD_RUNPATH_SEARCH_PATHS = (
					"$(inherited)",
					"@executable_path/Frameworks",
				);
				MARKETING_VERSION = 1.0;
				PRODUCT_BUNDLE_IDENTIFIER = hyunjung.Delegate;
				PRODUCT_NAME = "$(TARGET_NAME)";
				SWIFT_EMIT_LOC_STRINGS = YES;
				SWIFT_VERSION = 5.0;
				TARGETED_DEVICE_FAMILY = "1,2";
			};
			name = Debug;
		};
		C5A69A6227C009A20003A854 /* Release */ = {
			isa = XCBuildConfiguration;
			buildSettings = {
				ASSETCATALOG_COMPILER_APPICON_NAME = AppIcon;
				ASSETCATALOG_COMPILER_GLOBAL_ACCENT_COLOR_NAME = AccentColor;
				CODE_SIGN_STYLE = Automatic;
				CURRENT_PROJECT_VERSION = 1;
				GENERATE_INFOPLIST_FILE = YES;
				INFOPLIST_FILE = Delegate/Info.plist;
				INFOPLIST_KEY_UIApplicationSupportsIndirectInputEvents = YES;
				INFOPLIST_KEY_UILaunchStoryboardName = LaunchScreen;
				INFOPLIST_KEY_UIMainStoryboardFile = Main;
				INFOPLIST_KEY_UISupportedInterfaceOrientations_iPad = "UIInterfaceOrientationPortrait UIInterfaceOrientationPortraitUpsideDown UIInterfaceOrientationLandscapeLeft UIInterfaceOrientationLandscapeRight";
				INFOPLIST_KEY_UISupportedInterfaceOrientations_iPhone = "UIInterfaceOrientationPortrait UIInterfaceOrientationLandscapeLeft UIInterfaceOrientationLandscapeRight";
				LD_RUNPATH_SEARCH_PATHS = (
					"$(inherited)",
					"@executable_path/Frameworks",
				);
				MARKETING_VERSION = 1.0;
				PRODUCT_BUNDLE_IDENTIFIER = hyunjung.Delegate;
				PRODUCT_NAME = "$(TARGET_NAME)";
				SWIFT_EMIT_LOC_STRINGS = YES;
				SWIFT_VERSION = 5.0;
				TARGETED_DEVICE_FAMILY = "1,2";
			};
			name = Release;
		};
		C5A69A6427C009A20003A854 /* Debug */ = {
			isa = XCBuildConfiguration;
			buildSettings = {
				ALWAYS_EMBED_SWIFT_STANDARD_LIBRARIES = YES;
				BUNDLE_LOADER = "$(TEST_HOST)";
				CODE_SIGN_STYLE = Automatic;
				CURRENT_PROJECT_VERSION = 1;
				GENERATE_INFOPLIST_FILE = YES;
				IPHONEOS_DEPLOYMENT_TARGET = 15.2;
				MARKETING_VERSION = 1.0;
				PRODUCT_BUNDLE_IDENTIFIER = hyunjung.DelegateTests;
				PRODUCT_NAME = "$(TARGET_NAME)";
				SWIFT_EMIT_LOC_STRINGS = NO;
				SWIFT_VERSION = 5.0;
				TARGETED_DEVICE_FAMILY = "1,2";
				TEST_HOST = "$(BUILT_PRODUCTS_DIR)/Delegate.app/Delegate";
			};
			name = Debug;
		};
		C5A69A6527C009A20003A854 /* Release */ = {
			isa = XCBuildConfiguration;
			buildSettings = {
				ALWAYS_EMBED_SWIFT_STANDARD_LIBRARIES = YES;
				BUNDLE_LOADER = "$(TEST_HOST)";
				CODE_SIGN_STYLE = Automatic;
				CURRENT_PROJECT_VERSION = 1;
				GENERATE_INFOPLIST_FILE = YES;
				IPHONEOS_DEPLOYMENT_TARGET = 15.2;
				MARKETING_VERSION = 1.0;
				PRODUCT_BUNDLE_IDENTIFIER = hyunjung.DelegateTests;
				PRODUCT_NAME = "$(TARGET_NAME)";
				SWIFT_EMIT_LOC_STRINGS = NO;
				SWIFT_VERSION = 5.0;
				TARGETED_DEVICE_FAMILY = "1,2";
				TEST_HOST = "$(BUILT_PRODUCTS_DIR)/Delegate.app/Delegate";
			};
			name = Release;
		};
		C5A69A6727C009A20003A854 /* Debug */ = {
			isa = XCBuildConfiguration;
			buildSettings = {
				ALWAYS_EMBED_SWIFT_STANDARD_LIBRARIES = YES;
				CODE_SIGN_STYLE = Automatic;
				CURRENT_PROJECT_VERSION = 1;
				GENERATE_INFOPLIST_FILE = YES;
				MARKETING_VERSION = 1.0;
				PRODUCT_BUNDLE_IDENTIFIER = hyunjung.DelegateUITests;
				PRODUCT_NAME = "$(TARGET_NAME)";
				SWIFT_EMIT_LOC_STRINGS = NO;
				SWIFT_VERSION = 5.0;
				TARGETED_DEVICE_FAMILY = "1,2";
				TEST_TARGET_NAME = Delegate;
			};
			name = Debug;
		};
		C5A69A6827C009A20003A854 /* Release */ = {
			isa = XCBuildConfiguration;
			buildSettings = {
				ALWAYS_EMBED_SWIFT_STANDARD_LIBRARIES = YES;
				CODE_SIGN_STYLE = Automatic;
				CURRENT_PROJECT_VERSION = 1;
				GENERATE_INFOPLIST_FILE = YES;
				MARKETING_VERSION = 1.0;
				PRODUCT_BUNDLE_IDENTIFIER = hyunjung.DelegateUITests;
				PRODUCT_NAME = "$(TARGET_NAME)";
				SWIFT_EMIT_LOC_STRINGS = NO;
				SWIFT_VERSION = 5.0;
				TARGETED_DEVICE_FAMILY = "1,2";
				TEST_TARGET_NAME = Delegate;
			};
			name = Release;
		};
/* End XCBuildConfiguration section */

/* Begin XCConfigurationList section */
		C5A69A3127C009A10003A854 /* Build configuration list for PBXProject "Delegate" */ = {
			isa = XCConfigurationList;
			buildConfigurations = (
				C5A69A5E27C009A20003A854 /* Debug */,
				C5A69A5F27C009A20003A854 /* Release */,
			);
			defaultConfigurationIsVisible = 0;
			defaultConfigurationName = Release;
		};
		C5A69A6027C009A20003A854 /* Build configuration list for PBXNativeTarget "Delegate" */ = {
			isa = XCConfigurationList;
			buildConfigurations = (
				C5A69A6127C009A20003A854 /* Debug */,
				C5A69A6227C009A20003A854 /* Release */,
			);
			defaultConfigurationIsVisible = 0;
			defaultConfigurationName = Release;
		};
		C5A69A6327C009A20003A854 /* Build configuration list for PBXNativeTarget "DelegateTests" */ = {
			isa = XCConfigurationList;
			buildConfigurations = (
				C5A69A6427C009A20003A854 /* Debug */,
				C5A69A6527C009A20003A854 /* Release */,
			);
			defaultConfigurationIsVisible = 0;
			defaultConfigurationName = Release;
		};
		C5A69A6627C009A20003A854 /* Build configuration list for PBXNativeTarget "DelegateUITests" */ = {
			isa = XCConfigurationList;
			buildConfigurations = (
				C5A69A6727C009A20003A854 /* Debug */,
				C5A69A6827C009A20003A854 /* Release */,
			);
			defaultConfigurationIsVisible = 0;
			defaultConfigurationName = Release;
		};
/* End XCConfigurationList section */
	};
	rootObject = C5A69A2E27C009A10003A854 /* Project object */;
}
