// !$*UTF8*$!
{
	archiveVersion = 1;
	classes = {
	};
	objectVersion = 55;
	objects = {

/* Begin PBXBuildFile section */
		C540824C27AFBC6300ADD524 /* AppDelegate.swift in Sources */ = {isa = PBXBuildFile; fileRef = C540824B27AFBC6300ADD524 /* AppDelegate.swift */; };
		C540824E27AFBC6300ADD524 /* SceneDelegate.swift in Sources */ = {isa = PBXBuildFile; fileRef = C540824D27AFBC6300ADD524 /* SceneDelegate.swift */; };
		C540825027AFBC6300ADD524 /* ViewController.swift in Sources */ = {isa = PBXBuildFile; fileRef = C540824F27AFBC6300ADD524 /* ViewController.swift */; };
		C540825327AFBC6300ADD524 /* Main.storyboard in Resources */ = {isa = PBXBuildFile; fileRef = C540825127AFBC6300ADD524 /* Main.storyboard */; };
		C540825527AFBC6400ADD524 /* Assets.xcassets in Resources */ = {isa = PBXBuildFile; fileRef = C540825427AFBC6400ADD524 /* Assets.xcassets */; };
		C540825827AFBC6400ADD524 /* LaunchScreen.storyboard in Resources */ = {isa = PBXBuildFile; fileRef = C540825627AFBC6400ADD524 /* LaunchScreen.storyboard */; };
		C540826327AFBC6400ADD524 /* TaskTests.swift in Sources */ = {isa = PBXBuildFile; fileRef = C540826227AFBC6400ADD524 /* TaskTests.swift */; };
		C540826D27AFBC6400ADD524 /* TaskUITests.swift in Sources */ = {isa = PBXBuildFile; fileRef = C540826C27AFBC6400ADD524 /* TaskUITests.swift */; };
		C540826F27AFBC6400ADD524 /* TaskUITestsLaunchTests.swift in Sources */ = {isa = PBXBuildFile; fileRef = C540826E27AFBC6400ADD524 /* TaskUITestsLaunchTests.swift */; };
/* End PBXBuildFile section */

/* Begin PBXContainerItemProxy section */
		C540825F27AFBC6400ADD524 /* PBXContainerItemProxy */ = {
			isa = PBXContainerItemProxy;
			containerPortal = C540824027AFBC6300ADD524 /* Project object */;
			proxyType = 1;
			remoteGlobalIDString = C540824727AFBC6300ADD524;
			remoteInfo = Task;
		};
		C540826927AFBC6400ADD524 /* PBXContainerItemProxy */ = {
			isa = PBXContainerItemProxy;
			containerPortal = C540824027AFBC6300ADD524 /* Project object */;
			proxyType = 1;
			remoteGlobalIDString = C540824727AFBC6300ADD524;
			remoteInfo = Task;
		};
/* End PBXContainerItemProxy section */

/* Begin PBXFileReference section */
		C540824827AFBC6300ADD524 /* Task.app */ = {isa = PBXFileReference; explicitFileType = wrapper.application; includeInIndex = 0; path = Task.app; sourceTree = BUILT_PRODUCTS_DIR; };
		C540824B27AFBC6300ADD524 /* AppDelegate.swift */ = {isa = PBXFileReference; lastKnownFileType = sourcecode.swift; path = AppDelegate.swift; sourceTree = "<group>"; };
		C540824D27AFBC6300ADD524 /* SceneDelegate.swift */ = {isa = PBXFileReference; lastKnownFileType = sourcecode.swift; path = SceneDelegate.swift; sourceTree = "<group>"; };
		C540824F27AFBC6300ADD524 /* ViewController.swift */ = {isa = PBXFileReference; lastKnownFileType = sourcecode.swift; path = ViewController.swift; sourceTree = "<group>"; };
		C540825227AFBC6300ADD524 /* Base */ = {isa = PBXFileReference; lastKnownFileType = file.storyboard; name = Base; path = Base.lproj/Main.storyboard; sourceTree = "<group>"; };
		C540825427AFBC6400ADD524 /* Assets.xcassets */ = {isa = PBXFileReference; lastKnownFileType = folder.assetcatalog; path = Assets.xcassets; sourceTree = "<group>"; };
		C540825727AFBC6400ADD524 /* Base */ = {isa = PBXFileReference; lastKnownFileType = file.storyboard; name = Base; path = Base.lproj/LaunchScreen.storyboard; sourceTree = "<group>"; };
		C540825927AFBC6400ADD524 /* Info.plist */ = {isa = PBXFileReference; lastKnownFileType = text.plist.xml; path = Info.plist; sourceTree = "<group>"; };
		C540825E27AFBC6400ADD524 /* TaskTests.xctest */ = {isa = PBXFileReference; explicitFileType = wrapper.cfbundle; includeInIndex = 0; path = TaskTests.xctest; sourceTree = BUILT_PRODUCTS_DIR; };
		C540826227AFBC6400ADD524 /* TaskTests.swift */ = {isa = PBXFileReference; lastKnownFileType = sourcecode.swift; path = TaskTests.swift; sourceTree = "<group>"; };
		C540826827AFBC6400ADD524 /* TaskUITests.xctest */ = {isa = PBXFileReference; explicitFileType = wrapper.cfbundle; includeInIndex = 0; path = TaskUITests.xctest; sourceTree = BUILT_PRODUCTS_DIR; };
		C540826C27AFBC6400ADD524 /* TaskUITests.swift */ = {isa = PBXFileReference; lastKnownFileType = sourcecode.swift; path = TaskUITests.swift; sourceTree = "<group>"; };
		C540826E27AFBC6400ADD524 /* TaskUITestsLaunchTests.swift */ = {isa = PBXFileReference; lastKnownFileType = sourcecode.swift; path = TaskUITestsLaunchTests.swift; sourceTree = "<group>"; };
/* End PBXFileReference section */

/* Begin PBXFrameworksBuildPhase section */
		C540824527AFBC6300ADD524 /* Frameworks */ = {
			isa = PBXFrameworksBuildPhase;
			buildActionMask = 2147483647;
			files = (
			);
			runOnlyForDeploymentPostprocessing = 0;
		};
		C540825B27AFBC6400ADD524 /* Frameworks */ = {
			isa = PBXFrameworksBuildPhase;
			buildActionMask = 2147483647;
			files = (
			);
			runOnlyForDeploymentPostprocessing = 0;
		};
		C540826527AFBC6400ADD524 /* Frameworks */ = {
			isa = PBXFrameworksBuildPhase;
			buildActionMask = 2147483647;
			files = (
			);
			runOnlyForDeploymentPostprocessing = 0;
		};
/* End PBXFrameworksBuildPhase section */

/* Begin PBXGroup section */
		C540823F27AFBC6300ADD524 = {
			isa = PBXGroup;
			children = (
				C540824A27AFBC6300ADD524 /* Task */,
				C540826127AFBC6400ADD524 /* TaskTests */,
				C540826B27AFBC6400ADD524 /* TaskUITests */,
				C540824927AFBC6300ADD524 /* Products */,
			);
			sourceTree = "<group>";
		};
		C540824927AFBC6300ADD524 /* Products */ = {
			isa = PBXGroup;
			children = (
				C540824827AFBC6300ADD524 /* Task.app */,
				C540825E27AFBC6400ADD524 /* TaskTests.xctest */,
				C540826827AFBC6400ADD524 /* TaskUITests.xctest */,
			);
			name = Products;
			sourceTree = "<group>";
		};
		C540824A27AFBC6300ADD524 /* Task */ = {
			isa = PBXGroup;
			children = (
				C540824B27AFBC6300ADD524 /* AppDelegate.swift */,
				C540824D27AFBC6300ADD524 /* SceneDelegate.swift */,
				C540824F27AFBC6300ADD524 /* ViewController.swift */,
				C540825127AFBC6300ADD524 /* Main.storyboard */,
				C540825427AFBC6400ADD524 /* Assets.xcassets */,
				C540825627AFBC6400ADD524 /* LaunchScreen.storyboard */,
				C540825927AFBC6400ADD524 /* Info.plist */,
			);
			path = Task;
			sourceTree = "<group>";
		};
		C540826127AFBC6400ADD524 /* TaskTests */ = {
			isa = PBXGroup;
			children = (
				C540826227AFBC6400ADD524 /* TaskTests.swift */,
			);
			path = TaskTests;
			sourceTree = "<group>";
		};
		C540826B27AFBC6400ADD524 /* TaskUITests */ = {
			isa = PBXGroup;
			children = (
				C540826C27AFBC6400ADD524 /* TaskUITests.swift */,
				C540826E27AFBC6400ADD524 /* TaskUITestsLaunchTests.swift */,
			);
			path = TaskUITests;
			sourceTree = "<group>";
		};
/* End PBXGroup section */

/* Begin PBXNativeTarget section */
		C540824727AFBC6300ADD524 /* Task */ = {
			isa = PBXNativeTarget;
			buildConfigurationList = C540827227AFBC6400ADD524 /* Build configuration list for PBXNativeTarget "Task" */;
			buildPhases = (
				C540824427AFBC6300ADD524 /* Sources */,
				C540824527AFBC6300ADD524 /* Frameworks */,
				C540824627AFBC6300ADD524 /* Resources */,
			);
			buildRules = (
			);
			dependencies = (
			);
			name = Task;
			productName = Task;
			productReference = C540824827AFBC6300ADD524 /* Task.app */;
			productType = "com.apple.product-type.application";
		};
		C540825D27AFBC6400ADD524 /* TaskTests */ = {
			isa = PBXNativeTarget;
			buildConfigurationList = C540827527AFBC6400ADD524 /* Build configuration list for PBXNativeTarget "TaskTests" */;
			buildPhases = (
				C540825A27AFBC6400ADD524 /* Sources */,
				C540825B27AFBC6400ADD524 /* Frameworks */,
				C540825C27AFBC6400ADD524 /* Resources */,
			);
			buildRules = (
			);
			dependencies = (
				C540826027AFBC6400ADD524 /* PBXTargetDependency */,
			);
			name = TaskTests;
			productName = TaskTests;
			productReference = C540825E27AFBC6400ADD524 /* TaskTests.xctest */;
			productType = "com.apple.product-type.bundle.unit-test";
		};
		C540826727AFBC6400ADD524 /* TaskUITests */ = {
			isa = PBXNativeTarget;
			buildConfigurationList = C540827827AFBC6400ADD524 /* Build configuration list for PBXNativeTarget "TaskUITests" */;
			buildPhases = (
				C540826427AFBC6400ADD524 /* Sources */,
				C540826527AFBC6400ADD524 /* Frameworks */,
				C540826627AFBC6400ADD524 /* Resources */,
			);
			buildRules = (
			);
			dependencies = (
				C540826A27AFBC6400ADD524 /* PBXTargetDependency */,
			);
			name = TaskUITests;
			productName = TaskUITests;
			productReference = C540826827AFBC6400ADD524 /* TaskUITests.xctest */;
			productType = "com.apple.product-type.bundle.ui-testing";
		};
/* End PBXNativeTarget section */

/* Begin PBXProject section */
		C540824027AFBC6300ADD524 /* Project object */ = {
			isa = PBXProject;
			attributes = {
				BuildIndependentTargetsInParallel = 1;
				LastSwiftUpdateCheck = 1320;
				LastUpgradeCheck = 1320;
				TargetAttributes = {
					C540824727AFBC6300ADD524 = {
						CreatedOnToolsVersion = 13.2.1;
					};
					C540825D27AFBC6400ADD524 = {
						CreatedOnToolsVersion = 13.2.1;
						TestTargetID = C540824727AFBC6300ADD524;
					};
					C540826727AFBC6400ADD524 = {
						CreatedOnToolsVersion = 13.2.1;
						TestTargetID = C540824727AFBC6300ADD524;
					};
				};
			};
			buildConfigurationList = C540824327AFBC6300ADD524 /* Build configuration list for PBXProject "Task" */;
			compatibilityVersion = "Xcode 13.0";
			developmentRegion = en;
			hasScannedForEncodings = 0;
			knownRegions = (
				en,
				Base,
			);
			mainGroup = C540823F27AFBC6300ADD524;
			productRefGroup = C540824927AFBC6300ADD524 /* Products */;
			projectDirPath = "";
			projectRoot = "";
			targets = (
				C540824727AFBC6300ADD524 /* Task */,
				C540825D27AFBC6400ADD524 /* TaskTests */,
				C540826727AFBC6400ADD524 /* TaskUITests */,
			);
		};
/* End PBXProject section */

/* Begin PBXResourcesBuildPhase section */
		C540824627AFBC6300ADD524 /* Resources */ = {
			isa = PBXResourcesBuildPhase;
			buildActionMask = 2147483647;
			files = (
				C540825827AFBC6400ADD524 /* LaunchScreen.storyboard in Resources */,
				C540825527AFBC6400ADD524 /* Assets.xcassets in Resources */,
				C540825327AFBC6300ADD524 /* Main.storyboard in Resources */,
			);
			runOnlyForDeploymentPostprocessing = 0;
		};
		C540825C27AFBC6400ADD524 /* Resources */ = {
			isa = PBXResourcesBuildPhase;
			buildActionMask = 2147483647;
			files = (
			);
			runOnlyForDeploymentPostprocessing = 0;
		};
		C540826627AFBC6400ADD524 /* Resources */ = {
			isa = PBXResourcesBuildPhase;
			buildActionMask = 2147483647;
			files = (
			);
			runOnlyForDeploymentPostprocessing = 0;
		};
/* End PBXResourcesBuildPhase section */

/* Begin PBXSourcesBuildPhase section */
		C540824427AFBC6300ADD524 /* Sources */ = {
			isa = PBXSourcesBuildPhase;
			buildActionMask = 2147483647;
			files = (
				C540825027AFBC6300ADD524 /* ViewController.swift in Sources */,
				C540824C27AFBC6300ADD524 /* AppDelegate.swift in Sources */,
				C540824E27AFBC6300ADD524 /* SceneDelegate.swift in Sources */,
			);
			runOnlyForDeploymentPostprocessing = 0;
		};
		C540825A27AFBC6400ADD524 /* Sources */ = {
			isa = PBXSourcesBuildPhase;
			buildActionMask = 2147483647;
			files = (
				C540826327AFBC6400ADD524 /* TaskTests.swift in Sources */,
			);
			runOnlyForDeploymentPostprocessing = 0;
		};
		C540826427AFBC6400ADD524 /* Sources */ = {
			isa = PBXSourcesBuildPhase;
			buildActionMask = 2147483647;
			files = (
				C540826D27AFBC6400ADD524 /* TaskUITests.swift in Sources */,
				C540826F27AFBC6400ADD524 /* TaskUITestsLaunchTests.swift in Sources */,
			);
			runOnlyForDeploymentPostprocessing = 0;
		};
/* End PBXSourcesBuildPhase section */

/* Begin PBXTargetDependency section */
		C540826027AFBC6400ADD524 /* PBXTargetDependency */ = {
			isa = PBXTargetDependency;
			target = C540824727AFBC6300ADD524 /* Task */;
			targetProxy = C540825F27AFBC6400ADD524 /* PBXContainerItemProxy */;
		};
		C540826A27AFBC6400ADD524 /* PBXTargetDependency */ = {
			isa = PBXTargetDependency;
			target = C540824727AFBC6300ADD524 /* Task */;
			targetProxy = C540826927AFBC6400ADD524 /* PBXContainerItemProxy */;
		};
/* End PBXTargetDependency section */

/* Begin PBXVariantGroup section */
		C540825127AFBC6300ADD524 /* Main.storyboard */ = {
			isa = PBXVariantGroup;
			children = (
				C540825227AFBC6300ADD524 /* Base */,
			);
			name = Main.storyboard;
			sourceTree = "<group>";
		};
		C540825627AFBC6400ADD524 /* LaunchScreen.storyboard */ = {
			isa = PBXVariantGroup;
			children = (
				C540825727AFBC6400ADD524 /* Base */,
			);
			name = LaunchScreen.storyboard;
			sourceTree = "<group>";
		};
/* End PBXVariantGroup section */

/* Begin XCBuildConfiguration section */
		C540827027AFBC6400ADD524 /* Debug */ = {
			isa = XCBuildConfiguration;
			buildSettings = {
				ALWAYS_SEARCH_USER_PATHS = NO;
				CLANG_ANALYZER_NONNULL = YES;
				CLANG_ANALYZER_NUMBER_OBJECT_CONVERSION = YES_AGGRESSIVE;
				CLANG_CXX_LANGUAGE_STANDARD = "gnu++17";
				CLANG_CXX_LIBRARY = "libc++";
				CLANG_ENABLE_MODULES = YES;
				CLANG_ENABLE_OBJC_ARC = YES;
				CLANG_ENABLE_OBJC_WEAK = YES;
				CLANG_WARN_BLOCK_CAPTURE_AUTORELEASING = YES;
				CLANG_WARN_BOOL_CONVERSION = YES;
				CLANG_WARN_COMMA = YES;
				CLANG_WARN_CONSTANT_CONVERSION = YES;
				CLANG_WARN_DEPRECATED_OBJC_IMPLEMENTATIONS = YES;
				CLANG_WARN_DIRECT_OBJC_ISA_USAGE = YES_ERROR;
				CLANG_WARN_DOCUMENTATION_COMMENTS = YES;
				CLANG_WARN_EMPTY_BODY = YES;
				CLANG_WARN_ENUM_CONVERSION = YES;
				CLANG_WARN_INFINITE_RECURSION = YES;
				CLANG_WARN_INT_CONVERSION = YES;
				CLANG_WARN_NON_LITERAL_NULL_CONVERSION = YES;
				CLANG_WARN_OBJC_IMPLICIT_RETAIN_SELF = YES;
				CLANG_WARN_OBJC_LITERAL_CONVERSION = YES;
				CLANG_WARN_OBJC_ROOT_CLASS = YES_ERROR;
				CLANG_WARN_QUOTED_INCLUDE_IN_FRAMEWORK_HEADER = YES;
				CLANG_WARN_RANGE_LOOP_ANALYSIS = YES;
				CLANG_WARN_STRICT_PROTOTYPES = YES;
				CLANG_WARN_SUSPICIOUS_MOVE = YES;
				CLANG_WARN_UNGUARDED_AVAILABILITY = YES_AGGRESSIVE;
				CLANG_WARN_UNREACHABLE_CODE = YES;
				CLANG_WARN__DUPLICATE_METHOD_MATCH = YES;
				COPY_PHASE_STRIP = NO;
				DEBUG_INFORMATION_FORMAT = dwarf;
				ENABLE_STRICT_OBJC_MSGSEND = YES;
				ENABLE_TESTABILITY = YES;
				GCC_C_LANGUAGE_STANDARD = gnu11;
				GCC_DYNAMIC_NO_PIC = NO;
				GCC_NO_COMMON_BLOCKS = YES;
				GCC_OPTIMIZATION_LEVEL = 0;
				GCC_PREPROCESSOR_DEFINITIONS = (
					"DEBUG=1",
					"$(inherited)",
				);
				GCC_WARN_64_TO_32_BIT_CONVERSION = YES;
				GCC_WARN_ABOUT_RETURN_TYPE = YES_ERROR;
				GCC_WARN_UNDECLARED_SELECTOR = YES;
				GCC_WARN_UNINITIALIZED_AUTOS = YES_AGGRESSIVE;
				GCC_WARN_UNUSED_FUNCTION = YES;
				GCC_WARN_UNUSED_VARIABLE = YES;
				IPHONEOS_DEPLOYMENT_TARGET = 15.2;
				MTL_ENABLE_DEBUG_INFO = INCLUDE_SOURCE;
				MTL_FAST_MATH = YES;
				ONLY_ACTIVE_ARCH = YES;
				SDKROOT = iphoneos;
				SWIFT_ACTIVE_COMPILATION_CONDITIONS = DEBUG;
				SWIFT_OPTIMIZATION_LEVEL = "-Onone";
			};
			name = Debug;
		};
		C540827127AFBC6400ADD524 /* Release */ = {
			isa = XCBuildConfiguration;
			buildSettings = {
				ALWAYS_SEARCH_USER_PATHS = NO;
				CLANG_ANALYZER_NONNULL = YES;
				CLANG_ANALYZER_NUMBER_OBJECT_CONVERSION = YES_AGGRESSIVE;
				CLANG_CXX_LANGUAGE_STANDARD = "gnu++17";
				CLANG_CXX_LIBRARY = "libc++";
				CLANG_ENABLE_MODULES = YES;
				CLANG_ENABLE_OBJC_ARC = YES;
				CLANG_ENABLE_OBJC_WEAK = YES;
				CLANG_WARN_BLOCK_CAPTURE_AUTORELEASING = YES;
				CLANG_WARN_BOOL_CONVERSION = YES;
				CLANG_WARN_COMMA = YES;
				CLANG_WARN_CONSTANT_CONVERSION = YES;
				CLANG_WARN_DEPRECATED_OBJC_IMPLEMENTATIONS = YES;
				CLANG_WARN_DIRECT_OBJC_ISA_USAGE = YES_ERROR;
				CLANG_WARN_DOCUMENTATION_COMMENTS = YES;
				CLANG_WARN_EMPTY_BODY = YES;
				CLANG_WARN_ENUM_CONVERSION = YES;
				CLANG_WARN_INFINITE_RECURSION = YES;
				CLANG_WARN_INT_CONVERSION = YES;
				CLANG_WARN_NON_LITERAL_NULL_CONVERSION = YES;
				CLANG_WARN_OBJC_IMPLICIT_RETAIN_SELF = YES;
				CLANG_WARN_OBJC_LITERAL_CONVERSION = YES;
				CLANG_WARN_OBJC_ROOT_CLASS = YES_ERROR;
				CLANG_WARN_QUOTED_INCLUDE_IN_FRAMEWORK_HEADER = YES;
				CLANG_WARN_RANGE_LOOP_ANALYSIS = YES;
				CLANG_WARN_STRICT_PROTOTYPES = YES;
				CLANG_WARN_SUSPICIOUS_MOVE = YES;
				CLANG_WARN_UNGUARDED_AVAILABILITY = YES_AGGRESSIVE;
				CLANG_WARN_UNREACHABLE_CODE = YES;
				CLANG_WARN__DUPLICATE_METHOD_MATCH = YES;
				COPY_PHASE_STRIP = NO;
				DEBUG_INFORMATION_FORMAT = "dwarf-with-dsym";
				ENABLE_NS_ASSERTIONS = NO;
				ENABLE_STRICT_OBJC_MSGSEND = YES;
				GCC_C_LANGUAGE_STANDARD = gnu11;
				GCC_NO_COMMON_BLOCKS = YES;
				GCC_WARN_64_TO_32_BIT_CONVERSION = YES;
				GCC_WARN_ABOUT_RETURN_TYPE = YES_ERROR;
				GCC_WARN_UNDECLARED_SELECTOR = YES;
				GCC_WARN_UNINITIALIZED_AUTOS = YES_AGGRESSIVE;
				GCC_WARN_UNUSED_FUNCTION = YES;
				GCC_WARN_UNUSED_VARIABLE = YES;
				IPHONEOS_DEPLOYMENT_TARGET = 15.2;
				MTL_ENABLE_DEBUG_INFO = NO;
				MTL_FAST_MATH = YES;
				SDKROOT = iphoneos;
				SWIFT_COMPILATION_MODE = wholemodule;
				SWIFT_OPTIMIZATION_LEVEL = "-O";
				VALIDATE_PRODUCT = YES;
			};
			name = Release;
		};
		C540827327AFBC6400ADD524 /* Debug */ = {
			isa = XCBuildConfiguration;
			buildSettings = {
				ASSETCATALOG_COMPILER_APPICON_NAME = AppIcon;
				ASSETCATALOG_COMPILER_GLOBAL_ACCENT_COLOR_NAME = AccentColor;
				CODE_SIGN_STYLE = Automatic;
				CURRENT_PROJECT_VERSION = 1;
				GENERATE_INFOPLIST_FILE = YES;
				INFOPLIST_FILE = Task/Info.plist;
				INFOPLIST_KEY_UIApplicationSupportsIndirectInputEvents = YES;
				INFOPLIST_KEY_UILaunchStoryboardName = LaunchScreen;
				INFOPLIST_KEY_UIMainStoryboardFile = Main;
				INFOPLIST_KEY_UISupportedInterfaceOrientations_iPad = "UIInterfaceOrientationPortrait UIInterfaceOrientationPortraitUpsideDown UIInterfaceOrientationLandscapeLeft UIInterfaceOrientationLandscapeRight";
				INFOPLIST_KEY_UISupportedInterfaceOrientations_iPhone = "UIInterfaceOrientationPortrait UIInterfaceOrientationLandscapeLeft UIInterfaceOrientationLandscapeRight";
				LD_RUNPATH_SEARCH_PATHS = (
					"$(inherited)",
					"@executable_path/Frameworks",
				);
				MARKETING_VERSION = 1.0;
				PRODUCT_BUNDLE_IDENTIFIER = hyunjung.Task;
				PRODUCT_NAME = "$(TARGET_NAME)";
				SWIFT_EMIT_LOC_STRINGS = YES;
				SWIFT_VERSION = 5.0;
				TARGETED_DEVICE_FAMILY = "1,2";
			};
			name = Debug;
		};
		C540827427AFBC6400ADD524 /* Release */ = {
			isa = XCBuildConfiguration;
			buildSettings = {
				ASSETCATALOG_COMPILER_APPICON_NAME = AppIcon;
				ASSETCATALOG_COMPILER_GLOBAL_ACCENT_COLOR_NAME = AccentColor;
				CODE_SIGN_STYLE = Automatic;
				CURRENT_PROJECT_VERSION = 1;
				GENERATE_INFOPLIST_FILE = YES;
				INFOPLIST_FILE = Task/Info.plist;
				INFOPLIST_KEY_UIApplicationSupportsIndirectInputEvents = YES;
				INFOPLIST_KEY_UILaunchStoryboardName = LaunchScreen;
				INFOPLIST_KEY_UIMainStoryboardFile = Main;
				INFOPLIST_KEY_UISupportedInterfaceOrientations_iPad = "UIInterfaceOrientationPortrait UIInterfaceOrientationPortraitUpsideDown UIInterfaceOrientationLandscapeLeft UIInterfaceOrientationLandscapeRight";
				INFOPLIST_KEY_UISupportedInterfaceOrientations_iPhone = "UIInterfaceOrientationPortrait UIInterfaceOrientationLandscapeLeft UIInterfaceOrientationLandscapeRight";
				LD_RUNPATH_SEARCH_PATHS = (
					"$(inherited)",
					"@executable_path/Frameworks",
				);
				MARKETING_VERSION = 1.0;
				PRODUCT_BUNDLE_IDENTIFIER = hyunjung.Task;
				PRODUCT_NAME = "$(TARGET_NAME)";
				SWIFT_EMIT_LOC_STRINGS = YES;
				SWIFT_VERSION = 5.0;
				TARGETED_DEVICE_FAMILY = "1,2";
			};
			name = Release;
		};
		C540827627AFBC6400ADD524 /* Debug */ = {
			isa = XCBuildConfiguration;
			buildSettings = {
				ALWAYS_EMBED_SWIFT_STANDARD_LIBRARIES = YES;
				BUNDLE_LOADER = "$(TEST_HOST)";
				CODE_SIGN_STYLE = Automatic;
				CURRENT_PROJECT_VERSION = 1;
				GENERATE_INFOPLIST_FILE = YES;
				IPHONEOS_DEPLOYMENT_TARGET = 15.2;
				MARKETING_VERSION = 1.0;
				PRODUCT_BUNDLE_IDENTIFIER = hyunjung.TaskTests;
				PRODUCT_NAME = "$(TARGET_NAME)";
				SWIFT_EMIT_LOC_STRINGS = NO;
				SWIFT_VERSION = 5.0;
				TARGETED_DEVICE_FAMILY = "1,2";
				TEST_HOST = "$(BUILT_PRODUCTS_DIR)/Task.app/Task";
			};
			name = Debug;
		};
		C540827727AFBC6400ADD524 /* Release */ = {
			isa = XCBuildConfiguration;
			buildSettings = {
				ALWAYS_EMBED_SWIFT_STANDARD_LIBRARIES = YES;
				BUNDLE_LOADER = "$(TEST_HOST)";
				CODE_SIGN_STYLE = Automatic;
				CURRENT_PROJECT_VERSION = 1;
				GENERATE_INFOPLIST_FILE = YES;
				IPHONEOS_DEPLOYMENT_TARGET = 15.2;
				MARKETING_VERSION = 1.0;
				PRODUCT_BUNDLE_IDENTIFIER = hyunjung.TaskTests;
				PRODUCT_NAME = "$(TARGET_NAME)";
				SWIFT_EMIT_LOC_STRINGS = NO;
				SWIFT_VERSION = 5.0;
				TARGETED_DEVICE_FAMILY = "1,2";
				TEST_HOST = "$(BUILT_PRODUCTS_DIR)/Task.app/Task";
			};
			name = Release;
		};
		C540827927AFBC6400ADD524 /* Debug */ = {
			isa = XCBuildConfiguration;
			buildSettings = {
				ALWAYS_EMBED_SWIFT_STANDARD_LIBRARIES = YES;
				CODE_SIGN_STYLE = Automatic;
				CURRENT_PROJECT_VERSION = 1;
				GENERATE_INFOPLIST_FILE = YES;
				MARKETING_VERSION = 1.0;
				PRODUCT_BUNDLE_IDENTIFIER = hyunjung.TaskUITests;
				PRODUCT_NAME = "$(TARGET_NAME)";
				SWIFT_EMIT_LOC_STRINGS = NO;
				SWIFT_VERSION = 5.0;
				TARGETED_DEVICE_FAMILY = "1,2";
				TEST_TARGET_NAME = Task;
			};
			name = Debug;
		};
		C540827A27AFBC6400ADD524 /* Release */ = {
			isa = XCBuildConfiguration;
			buildSettings = {
				ALWAYS_EMBED_SWIFT_STANDARD_LIBRARIES = YES;
				CODE_SIGN_STYLE = Automatic;
				CURRENT_PROJECT_VERSION = 1;
				GENERATE_INFOPLIST_FILE = YES;
				MARKETING_VERSION = 1.0;
				PRODUCT_BUNDLE_IDENTIFIER = hyunjung.TaskUITests;
				PRODUCT_NAME = "$(TARGET_NAME)";
				SWIFT_EMIT_LOC_STRINGS = NO;
				SWIFT_VERSION = 5.0;
				TARGETED_DEVICE_FAMILY = "1,2";
				TEST_TARGET_NAME = Task;
			};
			name = Release;
		};
/* End XCBuildConfiguration section */

/* Begin XCConfigurationList section */
		C540824327AFBC6300ADD524 /* Build configuration list for PBXProject "Task" */ = {
			isa = XCConfigurationList;
			buildConfigurations = (
				C540827027AFBC6400ADD524 /* Debug */,
				C540827127AFBC6400ADD524 /* Release */,
			);
			defaultConfigurationIsVisible = 0;
			defaultConfigurationName = Release;
		};
		C540827227AFBC6400ADD524 /* Build configuration list for PBXNativeTarget "Task" */ = {
			isa = XCConfigurationList;
			buildConfigurations = (
				C540827327AFBC6400ADD524 /* Debug */,
				C540827427AFBC6400ADD524 /* Release */,
			);
			defaultConfigurationIsVisible = 0;
			defaultConfigurationName = Release;
		};
		C540827527AFBC6400ADD524 /* Build configuration list for PBXNativeTarget "TaskTests" */ = {
			isa = XCConfigurationList;
			buildConfigurations = (
				C540827627AFBC6400ADD524 /* Debug */,
				C540827727AFBC6400ADD524 /* Release */,
			);
			defaultConfigurationIsVisible = 0;
			defaultConfigurationName = Release;
		};
		C540827827AFBC6400ADD524 /* Build configuration list for PBXNativeTarget "TaskUITests" */ = {
			isa = XCConfigurationList;
			buildConfigurations = (
				C540827927AFBC6400ADD524 /* Debug */,
				C540827A27AFBC6400ADD524 /* Release */,
			);
			defaultConfigurationIsVisible = 0;
			defaultConfigurationName = Release;
		};
/* End XCConfigurationList section */
	};
	rootObject = C540824027AFBC6300ADD524 /* Project object */;
}
