// !$*UTF8*$!
{
	archiveVersion = 1;
	classes = {
	};
	objectVersion = 55;
	objects = {

/* Begin PBXBuildFile section */
		02CDBB7E7DEDE8146B41E52B /* Pods_JsonParsing.framework in Frameworks */ = {isa = PBXBuildFile; fileRef = C3E870A65CA839319B466674 /* Pods_JsonParsing.framework */; };
		7F964C23E117E040ACF0C49E /* Pods_JsonParsingTests.framework in Frameworks */ = {isa = PBXBuildFile; fileRef = 2E42950EAFC6B19764EA25C5 /* Pods_JsonParsingTests.framework */; };
		C533B2CC27968D7E00C15E48 /* AppDelegate.swift in Sources */ = {isa = PBXBuildFile; fileRef = C533B2CB27968D7E00C15E48 /* AppDelegate.swift */; };
		C533B2CE27968D7E00C15E48 /* SceneDelegate.swift in Sources */ = {isa = PBXBuildFile; fileRef = C533B2CD27968D7E00C15E48 /* SceneDelegate.swift */; };
		C533B2D027968D7E00C15E48 /* HomeVC.swift in Sources */ = {isa = PBXBuildFile; fileRef = C533B2CF27968D7E00C15E48 /* HomeVC.swift */; };
		C533B2D327968D7E00C15E48 /* Main.storyboard in Resources */ = {isa = PBXBuildFile; fileRef = C533B2D127968D7E00C15E48 /* Main.storyboard */; };
		C533B2D527968D8000C15E48 /* Assets.xcassets in Resources */ = {isa = PBXBuildFile; fileRef = C533B2D427968D8000C15E48 /* Assets.xcassets */; };
		C533B2D827968D8000C15E48 /* LaunchScreen.storyboard in Resources */ = {isa = PBXBuildFile; fileRef = C533B2D627968D8000C15E48 /* LaunchScreen.storyboard */; };
		C533B2E327968D8000C15E48 /* JsonParsingTests.swift in Sources */ = {isa = PBXBuildFile; fileRef = C533B2E227968D8000C15E48 /* JsonParsingTests.swift */; };
		C533B2ED27968D8000C15E48 /* JsonParsingUITests.swift in Sources */ = {isa = PBXBuildFile; fileRef = C533B2EC27968D8000C15E48 /* JsonParsingUITests.swift */; };
		C533B2EF27968D8000C15E48 /* JsonParsingUITestsLaunchTests.swift in Sources */ = {isa = PBXBuildFile; fileRef = C533B2EE27968D8000C15E48 /* JsonParsingUITestsLaunchTests.swift */; };
		C533B2FC27968F4C00C15E48 /* UserListVC.swift in Sources */ = {isa = PBXBuildFile; fileRef = C533B2FB27968F4C00C15E48 /* UserListVC.swift */; };
		C533B2FE27968F6F00C15E48 /* PhotoCollectionVC.swift in Sources */ = {isa = PBXBuildFile; fileRef = C533B2FD27968F6F00C15E48 /* PhotoCollectionVC.swift */; };
		C58AF712279E8C7100459CCB /* Constants.swift in Sources */ = {isa = PBXBuildFile; fileRef = C58AF711279E8C7100459CCB /* Constants.swift */; };
		C58AF714279E949500459CCB /* baseVC.swift in Sources */ = {isa = PBXBuildFile; fileRef = C58AF713279E949500459CCB /* baseVC.swift */; };
		F841CCB7AA0B08C28A56B405 /* Pods_JsonParsing_JsonParsingUITests.framework in Frameworks */ = {isa = PBXBuildFile; fileRef = 6BB9F2FEC3B08B0B94A335DC /* Pods_JsonParsing_JsonParsingUITests.framework */; };
/* End PBXBuildFile section */

/* Begin PBXContainerItemProxy section */
		C533B2DF27968D8000C15E48 /* PBXContainerItemProxy */ = {
			isa = PBXContainerItemProxy;
			containerPortal = C533B2C027968D7E00C15E48 /* Project object */;
			proxyType = 1;
			remoteGlobalIDString = C533B2C727968D7E00C15E48;
			remoteInfo = JsonParsing;
		};
		C533B2E927968D8000C15E48 /* PBXContainerItemProxy */ = {
			isa = PBXContainerItemProxy;
			containerPortal = C533B2C027968D7E00C15E48 /* Project object */;
			proxyType = 1;
			remoteGlobalIDString = C533B2C727968D7E00C15E48;
			remoteInfo = JsonParsing;
		};
/* End PBXContainerItemProxy section */

/* Begin PBXFileReference section */
		2E42950EAFC6B19764EA25C5 /* Pods_JsonParsingTests.framework */ = {isa = PBXFileReference; explicitFileType = wrapper.framework; includeInIndex = 0; path = Pods_JsonParsingTests.framework; sourceTree = BUILT_PRODUCTS_DIR; };
		6BB9F2FEC3B08B0B94A335DC /* Pods_JsonParsing_JsonParsingUITests.framework */ = {isa = PBXFileReference; explicitFileType = wrapper.framework; includeInIndex = 0; path = Pods_JsonParsing_JsonParsingUITests.framework; sourceTree = BUILT_PRODUCTS_DIR; };
		709A893C5A9D87FF6ADAC26D /* Pods-JsonParsing-JsonParsingUITests.debug.xcconfig */ = {isa = PBXFileReference; includeInIndex = 1; lastKnownFileType = text.xcconfig; name = "Pods-JsonParsing-JsonParsingUITests.debug.xcconfig"; path = "Target Support Files/Pods-JsonParsing-JsonParsingUITests/Pods-JsonParsing-JsonParsingUITests.debug.xcconfig"; sourceTree = "<group>"; };
		919B4710251F79C65AC53284 /* Pods-JsonParsing-JsonParsingUITests.release.xcconfig */ = {isa = PBXFileReference; includeInIndex = 1; lastKnownFileType = text.xcconfig; name = "Pods-JsonParsing-JsonParsingUITests.release.xcconfig"; path = "Target Support Files/Pods-JsonParsing-JsonParsingUITests/Pods-JsonParsing-JsonParsingUITests.release.xcconfig"; sourceTree = "<group>"; };
		B3F240BBECEF6FE766D13546 /* Pods-JsonParsing.release.xcconfig */ = {isa = PBXFileReference; includeInIndex = 1; lastKnownFileType = text.xcconfig; name = "Pods-JsonParsing.release.xcconfig"; path = "Target Support Files/Pods-JsonParsing/Pods-JsonParsing.release.xcconfig"; sourceTree = "<group>"; };
		C3E870A65CA839319B466674 /* Pods_JsonParsing.framework */ = {isa = PBXFileReference; explicitFileType = wrapper.framework; includeInIndex = 0; path = Pods_JsonParsing.framework; sourceTree = BUILT_PRODUCTS_DIR; };
		C533B2C827968D7E00C15E48 /* JsonParsing.app */ = {isa = PBXFileReference; explicitFileType = wrapper.application; includeInIndex = 0; path = JsonParsing.app; sourceTree = BUILT_PRODUCTS_DIR; };
		C533B2CB27968D7E00C15E48 /* AppDelegate.swift */ = {isa = PBXFileReference; lastKnownFileType = sourcecode.swift; path = AppDelegate.swift; sourceTree = "<group>"; };
		C533B2CD27968D7E00C15E48 /* SceneDelegate.swift */ = {isa = PBXFileReference; lastKnownFileType = sourcecode.swift; path = SceneDelegate.swift; sourceTree = "<group>"; };
		C533B2CF27968D7E00C15E48 /* HomeVC.swift */ = {isa = PBXFileReference; lastKnownFileType = sourcecode.swift; path = HomeVC.swift; sourceTree = "<group>"; };
		C533B2D227968D7E00C15E48 /* Base */ = {isa = PBXFileReference; lastKnownFileType = file.storyboard; name = Base; path = Base.lproj/Main.storyboard; sourceTree = "<group>"; };
		C533B2D427968D8000C15E48 /* Assets.xcassets */ = {isa = PBXFileReference; lastKnownFileType = folder.assetcatalog; path = Assets.xcassets; sourceTree = "<group>"; };
		C533B2D727968D8000C15E48 /* Base */ = {isa = PBXFileReference; lastKnownFileType = file.storyboard; name = Base; path = Base.lproj/LaunchScreen.storyboard; sourceTree = "<group>"; };
		C533B2D927968D8000C15E48 /* Info.plist */ = {isa = PBXFileReference; lastKnownFileType = text.plist.xml; path = Info.plist; sourceTree = "<group>"; };
		C533B2DE27968D8000C15E48 /* JsonParsingTests.xctest */ = {isa = PBXFileReference; explicitFileType = wrapper.cfbundle; includeInIndex = 0; path = JsonParsingTests.xctest; sourceTree = BUILT_PRODUCTS_DIR; };
		C533B2E227968D8000C15E48 /* JsonParsingTests.swift */ = {isa = PBXFileReference; lastKnownFileType = sourcecode.swift; path = JsonParsingTests.swift; sourceTree = "<group>"; };
		C533B2E827968D8000C15E48 /* JsonParsingUITests.xctest */ = {isa = PBXFileReference; explicitFileType = wrapper.cfbundle; includeInIndex = 0; path = JsonParsingUITests.xctest; sourceTree = BUILT_PRODUCTS_DIR; };
		C533B2EC27968D8000C15E48 /* JsonParsingUITests.swift */ = {isa = PBXFileReference; lastKnownFileType = sourcecode.swift; path = JsonParsingUITests.swift; sourceTree = "<group>"; };
		C533B2EE27968D8000C15E48 /* JsonParsingUITestsLaunchTests.swift */ = {isa = PBXFileReference; lastKnownFileType = sourcecode.swift; path = JsonParsingUITestsLaunchTests.swift; sourceTree = "<group>"; };
		C533B2FB27968F4C00C15E48 /* UserListVC.swift */ = {isa = PBXFileReference; lastKnownFileType = sourcecode.swift; path = UserListVC.swift; sourceTree = "<group>"; };
		C533B2FD27968F6F00C15E48 /* PhotoCollectionVC.swift */ = {isa = PBXFileReference; lastKnownFileType = sourcecode.swift; path = PhotoCollectionVC.swift; sourceTree = "<group>"; };
		C58AF711279E8C7100459CCB /* Constants.swift */ = {isa = PBXFileReference; lastKnownFileType = sourcecode.swift; path = Constants.swift; sourceTree = "<group>"; };
		C58AF713279E949500459CCB /* baseVC.swift */ = {isa = PBXFileReference; lastKnownFileType = sourcecode.swift; path = baseVC.swift; sourceTree = "<group>"; };
		CDBC16BACAF922AAA8F394EA /* Pods-JsonParsingTests.release.xcconfig */ = {isa = PBXFileReference; includeInIndex = 1; lastKnownFileType = text.xcconfig; name = "Pods-JsonParsingTests.release.xcconfig"; path = "Target Support Files/Pods-JsonParsingTests/Pods-JsonParsingTests.release.xcconfig"; sourceTree = "<group>"; };
		EAAFD897443ED15D96AEDAF1 /* Pods-JsonParsingTests.debug.xcconfig */ = {isa = PBXFileReference; includeInIndex = 1; lastKnownFileType = text.xcconfig; name = "Pods-JsonParsingTests.debug.xcconfig"; path = "Target Support Files/Pods-JsonParsingTests/Pods-JsonParsingTests.debug.xcconfig"; sourceTree = "<group>"; };
		F0D366BC22DC3BCAC3E65A90 /* Pods-JsonParsing.debug.xcconfig */ = {isa = PBXFileReference; includeInIndex = 1; lastKnownFileType = text.xcconfig; name = "Pods-JsonParsing.debug.xcconfig"; path = "Target Support Files/Pods-JsonParsing/Pods-JsonParsing.debug.xcconfig"; sourceTree = "<group>"; };
/* End PBXFileReference section */

/* Begin PBXFrameworksBuildPhase section */
		C533B2C527968D7E00C15E48 /* Frameworks */ = {
			isa = PBXFrameworksBuildPhase;
			buildActionMask = 2147483647;
			files = (
				02CDBB7E7DEDE8146B41E52B /* Pods_JsonParsing.framework in Frameworks */,
			);
			runOnlyForDeploymentPostprocessing = 0;
		};
		C533B2DB27968D8000C15E48 /* Frameworks */ = {
			isa = PBXFrameworksBuildPhase;
			buildActionMask = 2147483647;
			files = (
				7F964C23E117E040ACF0C49E /* Pods_JsonParsingTests.framework in Frameworks */,
			);
			runOnlyForDeploymentPostprocessing = 0;
		};
		C533B2E527968D8000C15E48 /* Frameworks */ = {
			isa = PBXFrameworksBuildPhase;
			buildActionMask = 2147483647;
			files = (
				F841CCB7AA0B08C28A56B405 /* Pods_JsonParsing_JsonParsingUITests.framework in Frameworks */,
			);
			runOnlyForDeploymentPostprocessing = 0;
		};
/* End PBXFrameworksBuildPhase section */

/* Begin PBXGroup section */
		5A4F8B9783C3310D80A8BEED /* Pods */ = {
			isa = PBXGroup;
			children = (
				F0D366BC22DC3BCAC3E65A90 /* Pods-JsonParsing.debug.xcconfig */,
				B3F240BBECEF6FE766D13546 /* Pods-JsonParsing.release.xcconfig */,
				709A893C5A9D87FF6ADAC26D /* Pods-JsonParsing-JsonParsingUITests.debug.xcconfig */,
				919B4710251F79C65AC53284 /* Pods-JsonParsing-JsonParsingUITests.release.xcconfig */,
				EAAFD897443ED15D96AEDAF1 /* Pods-JsonParsingTests.debug.xcconfig */,
				CDBC16BACAF922AAA8F394EA /* Pods-JsonParsingTests.release.xcconfig */,
			);
			path = Pods;
			sourceTree = "<group>";
		};
		C533B2BF27968D7E00C15E48 = {
			isa = PBXGroup;
			children = (
				C533B2CA27968D7E00C15E48 /* JsonParsing */,
				C533B2E127968D8000C15E48 /* JsonParsingTests */,
				C533B2EB27968D8000C15E48 /* JsonParsingUITests */,
				C533B2C927968D7E00C15E48 /* Products */,
				5A4F8B9783C3310D80A8BEED /* Pods */,
				CE8B3F3C35B3C1039D19AA66 /* Frameworks */,
			);
			sourceTree = "<group>";
		};
		C533B2C927968D7E00C15E48 /* Products */ = {
			isa = PBXGroup;
			children = (
				C533B2C827968D7E00C15E48 /* JsonParsing.app */,
				C533B2DE27968D8000C15E48 /* JsonParsingTests.xctest */,
				C533B2E827968D8000C15E48 /* JsonParsingUITests.xctest */,
			);
			name = Products;
			sourceTree = "<group>";
		};
		C533B2CA27968D7E00C15E48 /* JsonParsing */ = {
			isa = PBXGroup;
			children = (
				C58AF710279E8C5A00459CCB /* Utils */,
				C533B2CB27968D7E00C15E48 /* AppDelegate.swift */,
				C533B2CD27968D7E00C15E48 /* SceneDelegate.swift */,
				C53917AE2796A0F800E06A80 /* ViewControllers */,
				C533B2D127968D7E00C15E48 /* Main.storyboard */,
				C533B2D427968D8000C15E48 /* Assets.xcassets */,
				C533B2D627968D8000C15E48 /* LaunchScreen.storyboard */,
				C533B2D927968D8000C15E48 /* Info.plist */,
			);
			path = JsonParsing;
			sourceTree = "<group>";
		};
		C533B2E127968D8000C15E48 /* JsonParsingTests */ = {
			isa = PBXGroup;
			children = (
				C533B2E227968D8000C15E48 /* JsonParsingTests.swift */,
			);
			path = JsonParsingTests;
			sourceTree = "<group>";
		};
		C533B2EB27968D8000C15E48 /* JsonParsingUITests */ = {
			isa = PBXGroup;
			children = (
				C533B2EC27968D8000C15E48 /* JsonParsingUITests.swift */,
				C533B2EE27968D8000C15E48 /* JsonParsingUITestsLaunchTests.swift */,
			);
			path = JsonParsingUITests;
			sourceTree = "<group>";
		};
		C53917AE2796A0F800E06A80 /* ViewControllers */ = {
			isa = PBXGroup;
			children = (
				C533B2CF27968D7E00C15E48 /* HomeVC.swift */,
				C533B2FB27968F4C00C15E48 /* UserListVC.swift */,
				C533B2FD27968F6F00C15E48 /* PhotoCollectionVC.swift */,
				C58AF713279E949500459CCB /* baseVC.swift */,
			);
			path = ViewControllers;
			sourceTree = "<group>";
		};
		C58AF710279E8C5A00459CCB /* Utils */ = {
			isa = PBXGroup;
			children = (
				C58AF711279E8C7100459CCB /* Constants.swift */,
			);
			path = Utils;
			sourceTree = "<group>";
		};
		CE8B3F3C35B3C1039D19AA66 /* Frameworks */ = {
			isa = PBXGroup;
			children = (
				C3E870A65CA839319B466674 /* Pods_JsonParsing.framework */,
				6BB9F2FEC3B08B0B94A335DC /* Pods_JsonParsing_JsonParsingUITests.framework */,
				2E42950EAFC6B19764EA25C5 /* Pods_JsonParsingTests.framework */,
			);
			name = Frameworks;
			sourceTree = "<group>";
		};
/* End PBXGroup section */

/* Begin PBXNativeTarget section */
		C533B2C727968D7E00C15E48 /* JsonParsing */ = {
			isa = PBXNativeTarget;
			buildConfigurationList = C533B2F227968D8000C15E48 /* Build configuration list for PBXNativeTarget "JsonParsing" */;
			buildPhases = (
				C6586A61E0C761D68FFC01AC /* [CP] Check Pods Manifest.lock */,
				C533B2C427968D7E00C15E48 /* Sources */,
				C533B2C527968D7E00C15E48 /* Frameworks */,
				C533B2C627968D7E00C15E48 /* Resources */,
				8324EE2444A9C2C166D8BCD4 /* [CP] Embed Pods Frameworks */,
			);
			buildRules = (
			);
			dependencies = (
			);
			name = JsonParsing;
			productName = JsonParsing;
			productReference = C533B2C827968D7E00C15E48 /* JsonParsing.app */;
			productType = "com.apple.product-type.application";
		};
		C533B2DD27968D8000C15E48 /* JsonParsingTests */ = {
			isa = PBXNativeTarget;
			buildConfigurationList = C533B2F527968D8000C15E48 /* Build configuration list for PBXNativeTarget "JsonParsingTests" */;
			buildPhases = (
				D100658AFD4798DC92A7F8BE /* [CP] Check Pods Manifest.lock */,
				C533B2DA27968D8000C15E48 /* Sources */,
				C533B2DB27968D8000C15E48 /* Frameworks */,
				C533B2DC27968D8000C15E48 /* Resources */,
			);
			buildRules = (
			);
			dependencies = (
				C533B2E027968D8000C15E48 /* PBXTargetDependency */,
			);
			name = JsonParsingTests;
			productName = JsonParsingTests;
			productReference = C533B2DE27968D8000C15E48 /* JsonParsingTests.xctest */;
			productType = "com.apple.product-type.bundle.unit-test";
		};
		C533B2E727968D8000C15E48 /* JsonParsingUITests */ = {
			isa = PBXNativeTarget;
			buildConfigurationList = C533B2F827968D8000C15E48 /* Build configuration list for PBXNativeTarget "JsonParsingUITests" */;
			buildPhases = (
				779CD29438AA671A6C188DAA /* [CP] Check Pods Manifest.lock */,
				C533B2E427968D8000C15E48 /* Sources */,
				C533B2E527968D8000C15E48 /* Frameworks */,
				C533B2E627968D8000C15E48 /* Resources */,
				E70C592624EBF5B1C312E34F /* [CP] Embed Pods Frameworks */,
			);
			buildRules = (
			);
			dependencies = (
				C533B2EA27968D8000C15E48 /* PBXTargetDependency */,
			);
			name = JsonParsingUITests;
			productName = JsonParsingUITests;
			productReference = C533B2E827968D8000C15E48 /* JsonParsingUITests.xctest */;
			productType = "com.apple.product-type.bundle.ui-testing";
		};
/* End PBXNativeTarget section */

/* Begin PBXProject section */
		C533B2C027968D7E00C15E48 /* Project object */ = {
			isa = PBXProject;
			attributes = {
				BuildIndependentTargetsInParallel = 1;
				LastSwiftUpdateCheck = 1320;
				LastUpgradeCheck = 1320;
				TargetAttributes = {
					C533B2C727968D7E00C15E48 = {
						CreatedOnToolsVersion = 13.2.1;
					};
					C533B2DD27968D8000C15E48 = {
						CreatedOnToolsVersion = 13.2.1;
						TestTargetID = C533B2C727968D7E00C15E48;
					};
					C533B2E727968D8000C15E48 = {
						CreatedOnToolsVersion = 13.2.1;
						TestTargetID = C533B2C727968D7E00C15E48;
					};
				};
			};
			buildConfigurationList = C533B2C327968D7E00C15E48 /* Build configuration list for PBXProject "JsonParsing" */;
			compatibilityVersion = "Xcode 13.0";
			developmentRegion = en;
			hasScannedForEncodings = 0;
			knownRegions = (
				en,
				Base,
			);
			mainGroup = C533B2BF27968D7E00C15E48;
			productRefGroup = C533B2C927968D7E00C15E48 /* Products */;
			projectDirPath = "";
			projectRoot = "";
			targets = (
				C533B2C727968D7E00C15E48 /* JsonParsing */,
				C533B2DD27968D8000C15E48 /* JsonParsingTests */,
				C533B2E727968D8000C15E48 /* JsonParsingUITests */,
			);
		};
/* End PBXProject section */

/* Begin PBXResourcesBuildPhase section */
		C533B2C627968D7E00C15E48 /* Resources */ = {
			isa = PBXResourcesBuildPhase;
			buildActionMask = 2147483647;
			files = (
				C533B2D827968D8000C15E48 /* LaunchScreen.storyboard in Resources */,
				C533B2D527968D8000C15E48 /* Assets.xcassets in Resources */,
				C533B2D327968D7E00C15E48 /* Main.storyboard in Resources */,
			);
			runOnlyForDeploymentPostprocessing = 0;
		};
		C533B2DC27968D8000C15E48 /* Resources */ = {
			isa = PBXResourcesBuildPhase;
			buildActionMask = 2147483647;
			files = (
			);
			runOnlyForDeploymentPostprocessing = 0;
		};
		C533B2E627968D8000C15E48 /* Resources */ = {
			isa = PBXResourcesBuildPhase;
			buildActionMask = 2147483647;
			files = (
			);
			runOnlyForDeploymentPostprocessing = 0;
		};
/* End PBXResourcesBuildPhase section */

/* Begin PBXShellScriptBuildPhase section */
		779CD29438AA671A6C188DAA /* [CP] Check Pods Manifest.lock */ = {
			isa = PBXShellScriptBuildPhase;
			buildActionMask = 2147483647;
			files = (
			);
			inputFileListPaths = (
			);
			inputPaths = (
				"${PODS_PODFILE_DIR_PATH}/Podfile.lock",
				"${PODS_ROOT}/Manifest.lock",
			);
			name = "[CP] Check Pods Manifest.lock";
			outputFileListPaths = (
			);
			outputPaths = (
				"$(DERIVED_FILE_DIR)/Pods-JsonParsing-JsonParsingUITests-checkManifestLockResult.txt",
			);
			runOnlyForDeploymentPostprocessing = 0;
			shellPath = /bin/sh;
			shellScript = "diff \"${PODS_PODFILE_DIR_PATH}/Podfile.lock\" \"${PODS_ROOT}/Manifest.lock\" > /dev/null\nif [ $? != 0 ] ; then\n    # print error to STDERR\n    echo \"error: The sandbox is not in sync with the Podfile.lock. Run 'pod install' or update your CocoaPods installation.\" >&2\n    exit 1\nfi\n# This output is used by Xcode 'outputs' to avoid re-running this script phase.\necho \"SUCCESS\" > \"${SCRIPT_OUTPUT_FILE_0}\"\n";
			showEnvVarsInLog = 0;
		};
		8324EE2444A9C2C166D8BCD4 /* [CP] Embed Pods Frameworks */ = {
			isa = PBXShellScriptBuildPhase;
			buildActionMask = 2147483647;
			files = (
			);
			inputFileListPaths = (
				"${PODS_ROOT}/Target Support Files/Pods-JsonParsing/Pods-JsonParsing-frameworks-${CONFIGURATION}-input-files.xcfilelist",
			);
			name = "[CP] Embed Pods Frameworks";
			outputFileListPaths = (
				"${PODS_ROOT}/Target Support Files/Pods-JsonParsing/Pods-JsonParsing-frameworks-${CONFIGURATION}-output-files.xcfilelist",
			);
			runOnlyForDeploymentPostprocessing = 0;
			shellPath = /bin/sh;
			shellScript = "\"${PODS_ROOT}/Target Support Files/Pods-JsonParsing/Pods-JsonParsing-frameworks.sh\"\n";
			showEnvVarsInLog = 0;
		};
		C6586A61E0C761D68FFC01AC /* [CP] Check Pods Manifest.lock */ = {
			isa = PBXShellScriptBuildPhase;
			buildActionMask = 2147483647;
			files = (
			);
			inputFileListPaths = (
			);
			inputPaths = (
				"${PODS_PODFILE_DIR_PATH}/Podfile.lock",
				"${PODS_ROOT}/Manifest.lock",
			);
			name = "[CP] Check Pods Manifest.lock";
			outputFileListPaths = (
			);
			outputPaths = (
				"$(DERIVED_FILE_DIR)/Pods-JsonParsing-checkManifestLockResult.txt",
			);
			runOnlyForDeploymentPostprocessing = 0;
			shellPath = /bin/sh;
			shellScript = "diff \"${PODS_PODFILE_DIR_PATH}/Podfile.lock\" \"${PODS_ROOT}/Manifest.lock\" > /dev/null\nif [ $? != 0 ] ; then\n    # print error to STDERR\n    echo \"error: The sandbox is not in sync with the Podfile.lock. Run 'pod install' or update your CocoaPods installation.\" >&2\n    exit 1\nfi\n# This output is used by Xcode 'outputs' to avoid re-running this script phase.\necho \"SUCCESS\" > \"${SCRIPT_OUTPUT_FILE_0}\"\n";
			showEnvVarsInLog = 0;
		};
		D100658AFD4798DC92A7F8BE /* [CP] Check Pods Manifest.lock */ = {
			isa = PBXShellScriptBuildPhase;
			buildActionMask = 2147483647;
			files = (
			);
			inputFileListPaths = (
			);
			inputPaths = (
				"${PODS_PODFILE_DIR_PATH}/Podfile.lock",
				"${PODS_ROOT}/Manifest.lock",
			);
			name = "[CP] Check Pods Manifest.lock";
			outputFileListPaths = (
			);
			outputPaths = (
				"$(DERIVED_FILE_DIR)/Pods-JsonParsingTests-checkManifestLockResult.txt",
			);
			runOnlyForDeploymentPostprocessing = 0;
			shellPath = /bin/sh;
			shellScript = "diff \"${PODS_PODFILE_DIR_PATH}/Podfile.lock\" \"${PODS_ROOT}/Manifest.lock\" > /dev/null\nif [ $? != 0 ] ; then\n    # print error to STDERR\n    echo \"error: The sandbox is not in sync with the Podfile.lock. Run 'pod install' or update your CocoaPods installation.\" >&2\n    exit 1\nfi\n# This output is used by Xcode 'outputs' to avoid re-running this script phase.\necho \"SUCCESS\" > \"${SCRIPT_OUTPUT_FILE_0}\"\n";
			showEnvVarsInLog = 0;
		};
		E70C592624EBF5B1C312E34F /* [CP] Embed Pods Frameworks */ = {
			isa = PBXShellScriptBuildPhase;
			buildActionMask = 2147483647;
			files = (
			);
			inputFileListPaths = (
				"${PODS_ROOT}/Target Support Files/Pods-JsonParsing-JsonParsingUITests/Pods-JsonParsing-JsonParsingUITests-frameworks-${CONFIGURATION}-input-files.xcfilelist",
			);
			name = "[CP] Embed Pods Frameworks";
			outputFileListPaths = (
				"${PODS_ROOT}/Target Support Files/Pods-JsonParsing-JsonParsingUITests/Pods-JsonParsing-JsonParsingUITests-frameworks-${CONFIGURATION}-output-files.xcfilelist",
			);
			runOnlyForDeploymentPostprocessing = 0;
			shellPath = /bin/sh;
			shellScript = "\"${PODS_ROOT}/Target Support Files/Pods-JsonParsing-JsonParsingUITests/Pods-JsonParsing-JsonParsingUITests-frameworks.sh\"\n";
			showEnvVarsInLog = 0;
		};
/* End PBXShellScriptBuildPhase section */

/* Begin PBXSourcesBuildPhase section */
		C533B2C427968D7E00C15E48 /* Sources */ = {
			isa = PBXSourcesBuildPhase;
			buildActionMask = 2147483647;
			files = (
				C533B2D027968D7E00C15E48 /* HomeVC.swift in Sources */,
				C533B2CC27968D7E00C15E48 /* AppDelegate.swift in Sources */,
				C533B2CE27968D7E00C15E48 /* SceneDelegate.swift in Sources */,
				C533B2FC27968F4C00C15E48 /* UserListVC.swift in Sources */,
				C533B2FE27968F6F00C15E48 /* PhotoCollectionVC.swift in Sources */,
				C58AF712279E8C7100459CCB /* Constants.swift in Sources */,
				C58AF714279E949500459CCB /* baseVC.swift in Sources */,
			);
			runOnlyForDeploymentPostprocessing = 0;
		};
		C533B2DA27968D8000C15E48 /* Sources */ = {
			isa = PBXSourcesBuildPhase;
			buildActionMask = 2147483647;
			files = (
				C533B2E327968D8000C15E48 /* JsonParsingTests.swift in Sources */,
			);
			runOnlyForDeploymentPostprocessing = 0;
		};
		C533B2E427968D8000C15E48 /* Sources */ = {
			isa = PBXSourcesBuildPhase;
			buildActionMask = 2147483647;
			files = (
				C533B2ED27968D8000C15E48 /* JsonParsingUITests.swift in Sources */,
				C533B2EF27968D8000C15E48 /* JsonParsingUITestsLaunchTests.swift in Sources */,
			);
			runOnlyForDeploymentPostprocessing = 0;
		};
/* End PBXSourcesBuildPhase section */

/* Begin PBXTargetDependency section */
		C533B2E027968D8000C15E48 /* PBXTargetDependency */ = {
			isa = PBXTargetDependency;
			target = C533B2C727968D7E00C15E48 /* JsonParsing */;
			targetProxy = C533B2DF27968D8000C15E48 /* PBXContainerItemProxy */;
		};
		C533B2EA27968D8000C15E48 /* PBXTargetDependency */ = {
			isa = PBXTargetDependency;
			target = C533B2C727968D7E00C15E48 /* JsonParsing */;
			targetProxy = C533B2E927968D8000C15E48 /* PBXContainerItemProxy */;
		};
/* End PBXTargetDependency section */

/* Begin PBXVariantGroup section */
		C533B2D127968D7E00C15E48 /* Main.storyboard */ = {
			isa = PBXVariantGroup;
			children = (
				C533B2D227968D7E00C15E48 /* Base */,
			);
			name = Main.storyboard;
			sourceTree = "<group>";
		};
		C533B2D627968D8000C15E48 /* LaunchScreen.storyboard */ = {
			isa = PBXVariantGroup;
			children = (
				C533B2D727968D8000C15E48 /* Base */,
			);
			name = LaunchScreen.storyboard;
			sourceTree = "<group>";
		};
/* End PBXVariantGroup section */

/* Begin XCBuildConfiguration section */
		C533B2F027968D8000C15E48 /* Debug */ = {
			isa = XCBuildConfiguration;
			buildSettings = {
				ALWAYS_SEARCH_USER_PATHS = NO;
				CLANG_ANALYZER_NONNULL = YES;
				CLANG_ANALYZER_NUMBER_OBJECT_CONVERSION = YES_AGGRESSIVE;
				CLANG_CXX_LANGUAGE_STANDARD = "gnu++17";
				CLANG_CXX_LIBRARY = "libc++";
				CLANG_ENABLE_MODULES = YES;
				CLANG_ENABLE_OBJC_ARC = YES;
				CLANG_ENABLE_OBJC_WEAK = YES;
				CLANG_WARN_BLOCK_CAPTURE_AUTORELEASING = YES;
				CLANG_WARN_BOOL_CONVERSION = YES;
				CLANG_WARN_COMMA = YES;
				CLANG_WARN_CONSTANT_CONVERSION = YES;
				CLANG_WARN_DEPRECATED_OBJC_IMPLEMENTATIONS = YES;
				CLANG_WARN_DIRECT_OBJC_ISA_USAGE = YES_ERROR;
				CLANG_WARN_DOCUMENTATION_COMMENTS = YES;
				CLANG_WARN_EMPTY_BODY = YES;
				CLANG_WARN_ENUM_CONVERSION = YES;
				CLANG_WARN_INFINITE_RECURSION = YES;
				CLANG_WARN_INT_CONVERSION = YES;
				CLANG_WARN_NON_LITERAL_NULL_CONVERSION = YES;
				CLANG_WARN_OBJC_IMPLICIT_RETAIN_SELF = YES;
				CLANG_WARN_OBJC_LITERAL_CONVERSION = YES;
				CLANG_WARN_OBJC_ROOT_CLASS = YES_ERROR;
				CLANG_WARN_QUOTED_INCLUDE_IN_FRAMEWORK_HEADER = YES;
				CLANG_WARN_RANGE_LOOP_ANALYSIS = YES;
				CLANG_WARN_STRICT_PROTOTYPES = YES;
				CLANG_WARN_SUSPICIOUS_MOVE = YES;
				CLANG_WARN_UNGUARDED_AVAILABILITY = YES_AGGRESSIVE;
				CLANG_WARN_UNREACHABLE_CODE = YES;
				CLANG_WARN__DUPLICATE_METHOD_MATCH = YES;
				COPY_PHASE_STRIP = NO;
				DEBUG_INFORMATION_FORMAT = dwarf;
				ENABLE_STRICT_OBJC_MSGSEND = YES;
				ENABLE_TESTABILITY = YES;
				GCC_C_LANGUAGE_STANDARD = gnu11;
				GCC_DYNAMIC_NO_PIC = NO;
				GCC_NO_COMMON_BLOCKS = YES;
				GCC_OPTIMIZATION_LEVEL = 0;
				GCC_PREPROCESSOR_DEFINITIONS = (
					"DEBUG=1",
					"$(inherited)",
				);
				GCC_WARN_64_TO_32_BIT_CONVERSION = YES;
				GCC_WARN_ABOUT_RETURN_TYPE = YES_ERROR;
				GCC_WARN_UNDECLARED_SELECTOR = YES;
				GCC_WARN_UNINITIALIZED_AUTOS = YES_AGGRESSIVE;
				GCC_WARN_UNUSED_FUNCTION = YES;
				GCC_WARN_UNUSED_VARIABLE = YES;
				IPHONEOS_DEPLOYMENT_TARGET = 15.2;
				MTL_ENABLE_DEBUG_INFO = INCLUDE_SOURCE;
				MTL_FAST_MATH = YES;
				ONLY_ACTIVE_ARCH = YES;
				SDKROOT = iphoneos;
				SWIFT_ACTIVE_COMPILATION_CONDITIONS = DEBUG;
				SWIFT_OPTIMIZATION_LEVEL = "-Onone";
			};
			name = Debug;
		};
		C533B2F127968D8000C15E48 /* Release */ = {
			isa = XCBuildConfiguration;
			buildSettings = {
				ALWAYS_SEARCH_USER_PATHS = NO;
				CLANG_ANALYZER_NONNULL = YES;
				CLANG_ANALYZER_NUMBER_OBJECT_CONVERSION = YES_AGGRESSIVE;
				CLANG_CXX_LANGUAGE_STANDARD = "gnu++17";
				CLANG_CXX_LIBRARY = "libc++";
				CLANG_ENABLE_MODULES = YES;
				CLANG_ENABLE_OBJC_ARC = YES;
				CLANG_ENABLE_OBJC_WEAK = YES;
				CLANG_WARN_BLOCK_CAPTURE_AUTORELEASING = YES;
				CLANG_WARN_BOOL_CONVERSION = YES;
				CLANG_WARN_COMMA = YES;
				CLANG_WARN_CONSTANT_CONVERSION = YES;
				CLANG_WARN_DEPRECATED_OBJC_IMPLEMENTATIONS = YES;
				CLANG_WARN_DIRECT_OBJC_ISA_USAGE = YES_ERROR;
				CLANG_WARN_DOCUMENTATION_COMMENTS = YES;
				CLANG_WARN_EMPTY_BODY = YES;
				CLANG_WARN_ENUM_CONVERSION = YES;
				CLANG_WARN_INFINITE_RECURSION = YES;
				CLANG_WARN_INT_CONVERSION = YES;
				CLANG_WARN_NON_LITERAL_NULL_CONVERSION = YES;
				CLANG_WARN_OBJC_IMPLICIT_RETAIN_SELF = YES;
				CLANG_WARN_OBJC_LITERAL_CONVERSION = YES;
				CLANG_WARN_OBJC_ROOT_CLASS = YES_ERROR;
				CLANG_WARN_QUOTED_INCLUDE_IN_FRAMEWORK_HEADER = YES;
				CLANG_WARN_RANGE_LOOP_ANALYSIS = YES;
				CLANG_WARN_STRICT_PROTOTYPES = YES;
				CLANG_WARN_SUSPICIOUS_MOVE = YES;
				CLANG_WARN_UNGUARDED_AVAILABILITY = YES_AGGRESSIVE;
				CLANG_WARN_UNREACHABLE_CODE = YES;
				CLANG_WARN__DUPLICATE_METHOD_MATCH = YES;
				COPY_PHASE_STRIP = NO;
				DEBUG_INFORMATION_FORMAT = "dwarf-with-dsym";
				ENABLE_NS_ASSERTIONS = NO;
				ENABLE_STRICT_OBJC_MSGSEND = YES;
				GCC_C_LANGUAGE_STANDARD = gnu11;
				GCC_NO_COMMON_BLOCKS = YES;
				GCC_WARN_64_TO_32_BIT_CONVERSION = YES;
				GCC_WARN_ABOUT_RETURN_TYPE = YES_ERROR;
				GCC_WARN_UNDECLARED_SELECTOR = YES;
				GCC_WARN_UNINITIALIZED_AUTOS = YES_AGGRESSIVE;
				GCC_WARN_UNUSED_FUNCTION = YES;
				GCC_WARN_UNUSED_VARIABLE = YES;
				IPHONEOS_DEPLOYMENT_TARGET = 15.2;
				MTL_ENABLE_DEBUG_INFO = NO;
				MTL_FAST_MATH = YES;
				SDKROOT = iphoneos;
				SWIFT_COMPILATION_MODE = wholemodule;
				SWIFT_OPTIMIZATION_LEVEL = "-O";
				VALIDATE_PRODUCT = YES;
			};
			name = Release;
		};
		C533B2F327968D8000C15E48 /* Debug */ = {
			isa = XCBuildConfiguration;
			baseConfigurationReference = F0D366BC22DC3BCAC3E65A90 /* Pods-JsonParsing.debug.xcconfig */;
			buildSettings = {
				ASSETCATALOG_COMPILER_APPICON_NAME = AppIcon;
				ASSETCATALOG_COMPILER_GLOBAL_ACCENT_COLOR_NAME = AccentColor;
				CODE_SIGN_STYLE = Automatic;
				CURRENT_PROJECT_VERSION = 1;
				GENERATE_INFOPLIST_FILE = YES;
				INFOPLIST_FILE = JsonParsing/Info.plist;
				INFOPLIST_KEY_UIApplicationSupportsIndirectInputEvents = YES;
				INFOPLIST_KEY_UILaunchStoryboardName = LaunchScreen;
				INFOPLIST_KEY_UIMainStoryboardFile = Main;
				INFOPLIST_KEY_UISupportedInterfaceOrientations = "UIInterfaceOrientationPortrait UIInterfaceOrientationLandscapeLeft UIInterfaceOrientationLandscapeRight";
				INFOPLIST_KEY_UISupportedInterfaceOrientations_iPad = "UIInterfaceOrientationPortrait UIInterfaceOrientationPortraitUpsideDown UIInterfaceOrientationLandscapeLeft UIInterfaceOrientationLandscapeRight";
				INFOPLIST_KEY_UISupportedInterfaceOrientations_iPhone = "UIInterfaceOrientationPortrait UIInterfaceOrientationLandscapeLeft UIInterfaceOrientationLandscapeRight";
				LD_RUNPATH_SEARCH_PATHS = (
					"$(inherited)",
					"@executable_path/Frameworks",
				);
				MARKETING_VERSION = 1.0;
				PRODUCT_BUNDLE_IDENTIFIER = hyunjung.JsonParsing;
				PRODUCT_NAME = "$(TARGET_NAME)";
				SWIFT_EMIT_LOC_STRINGS = YES;
				SWIFT_VERSION = 5.0;
				TARGETED_DEVICE_FAMILY = "1,2";
			};
			name = Debug;
		};
		C533B2F427968D8000C15E48 /* Release */ = {
			isa = XCBuildConfiguration;
			baseConfigurationReference = B3F240BBECEF6FE766D13546 /* Pods-JsonParsing.release.xcconfig */;
			buildSettings = {
				ASSETCATALOG_COMPILER_APPICON_NAME = AppIcon;
				ASSETCATALOG_COMPILER_GLOBAL_ACCENT_COLOR_NAME = AccentColor;
				CODE_SIGN_STYLE = Automatic;
				CURRENT_PROJECT_VERSION = 1;
				GENERATE_INFOPLIST_FILE = YES;
				INFOPLIST_FILE = JsonParsing/Info.plist;
				INFOPLIST_KEY_UIApplicationSupportsIndirectInputEvents = YES;
				INFOPLIST_KEY_UILaunchStoryboardName = LaunchScreen;
				INFOPLIST_KEY_UIMainStoryboardFile = Main;
				INFOPLIST_KEY_UISupportedInterfaceOrientations = "UIInterfaceOrientationPortrait UIInterfaceOrientationLandscapeLeft UIInterfaceOrientationLandscapeRight";
				INFOPLIST_KEY_UISupportedInterfaceOrientations_iPad = "UIInterfaceOrientationPortrait UIInterfaceOrientationPortraitUpsideDown UIInterfaceOrientationLandscapeLeft UIInterfaceOrientationLandscapeRight";
				INFOPLIST_KEY_UISupportedInterfaceOrientations_iPhone = "UIInterfaceOrientationPortrait UIInterfaceOrientationLandscapeLeft UIInterfaceOrientationLandscapeRight";
				LD_RUNPATH_SEARCH_PATHS = (
					"$(inherited)",
					"@executable_path/Frameworks",
				);
				MARKETING_VERSION = 1.0;
				PRODUCT_BUNDLE_IDENTIFIER = hyunjung.JsonParsing;
				PRODUCT_NAME = "$(TARGET_NAME)";
				SWIFT_EMIT_LOC_STRINGS = YES;
				SWIFT_VERSION = 5.0;
				TARGETED_DEVICE_FAMILY = "1,2";
			};
			name = Release;
		};
		C533B2F627968D8000C15E48 /* Debug */ = {
			isa = XCBuildConfiguration;
			baseConfigurationReference = EAAFD897443ED15D96AEDAF1 /* Pods-JsonParsingTests.debug.xcconfig */;
			buildSettings = {
				ALWAYS_EMBED_SWIFT_STANDARD_LIBRARIES = YES;
				BUNDLE_LOADER = "$(TEST_HOST)";
				CODE_SIGN_STYLE = Automatic;
				CURRENT_PROJECT_VERSION = 1;
				GENERATE_INFOPLIST_FILE = YES;
				IPHONEOS_DEPLOYMENT_TARGET = 15.2;
				MARKETING_VERSION = 1.0;
				PRODUCT_BUNDLE_IDENTIFIER = hyunjung.JsonParsingTests;
				PRODUCT_NAME = "$(TARGET_NAME)";
				SWIFT_EMIT_LOC_STRINGS = NO;
				SWIFT_VERSION = 5.0;
				TARGETED_DEVICE_FAMILY = "1,2";
				TEST_HOST = "$(BUILT_PRODUCTS_DIR)/JsonParsing.app/JsonParsing";
			};
			name = Debug;
		};
		C533B2F727968D8000C15E48 /* Release */ = {
			isa = XCBuildConfiguration;
			baseConfigurationReference = CDBC16BACAF922AAA8F394EA /* Pods-JsonParsingTests.release.xcconfig */;
			buildSettings = {
				ALWAYS_EMBED_SWIFT_STANDARD_LIBRARIES = YES;
				BUNDLE_LOADER = "$(TEST_HOST)";
				CODE_SIGN_STYLE = Automatic;
				CURRENT_PROJECT_VERSION = 1;
				GENERATE_INFOPLIST_FILE = YES;
				IPHONEOS_DEPLOYMENT_TARGET = 15.2;
				MARKETING_VERSION = 1.0;
				PRODUCT_BUNDLE_IDENTIFIER = hyunjung.JsonParsingTests;
				PRODUCT_NAME = "$(TARGET_NAME)";
				SWIFT_EMIT_LOC_STRINGS = NO;
				SWIFT_VERSION = 5.0;
				TARGETED_DEVICE_FAMILY = "1,2";
				TEST_HOST = "$(BUILT_PRODUCTS_DIR)/JsonParsing.app/JsonParsing";
			};
			name = Release;
		};
		C533B2F927968D8000C15E48 /* Debug */ = {
			isa = XCBuildConfiguration;
			baseConfigurationReference = 709A893C5A9D87FF6ADAC26D /* Pods-JsonParsing-JsonParsingUITests.debug.xcconfig */;
			buildSettings = {
				ALWAYS_EMBED_SWIFT_STANDARD_LIBRARIES = YES;
				CODE_SIGN_STYLE = Automatic;
				CURRENT_PROJECT_VERSION = 1;
				GENERATE_INFOPLIST_FILE = YES;
				MARKETING_VERSION = 1.0;
				PRODUCT_BUNDLE_IDENTIFIER = hyunjung.JsonParsingUITests;
				PRODUCT_NAME = "$(TARGET_NAME)";
				SWIFT_EMIT_LOC_STRINGS = NO;
				SWIFT_VERSION = 5.0;
				TARGETED_DEVICE_FAMILY = "1,2";
				TEST_TARGET_NAME = JsonParsing;
			};
			name = Debug;
		};
		C533B2FA27968D8000C15E48 /* Release */ = {
			isa = XCBuildConfiguration;
			baseConfigurationReference = 919B4710251F79C65AC53284 /* Pods-JsonParsing-JsonParsingUITests.release.xcconfig */;
			buildSettings = {
				ALWAYS_EMBED_SWIFT_STANDARD_LIBRARIES = YES;
				CODE_SIGN_STYLE = Automatic;
				CURRENT_PROJECT_VERSION = 1;
				GENERATE_INFOPLIST_FILE = YES;
				MARKETING_VERSION = 1.0;
				PRODUCT_BUNDLE_IDENTIFIER = hyunjung.JsonParsingUITests;
				PRODUCT_NAME = "$(TARGET_NAME)";
				SWIFT_EMIT_LOC_STRINGS = NO;
				SWIFT_VERSION = 5.0;
				TARGETED_DEVICE_FAMILY = "1,2";
				TEST_TARGET_NAME = JsonParsing;
			};
			name = Release;
		};
/* End XCBuildConfiguration section */

/* Begin XCConfigurationList section */
		C533B2C327968D7E00C15E48 /* Build configuration list for PBXProject "JsonParsing" */ = {
			isa = XCConfigurationList;
			buildConfigurations = (
				C533B2F027968D8000C15E48 /* Debug */,
				C533B2F127968D8000C15E48 /* Release */,
			);
			defaultConfigurationIsVisible = 0;
			defaultConfigurationName = Release;
		};
		C533B2F227968D8000C15E48 /* Build configuration list for PBXNativeTarget "JsonParsing" */ = {
			isa = XCConfigurationList;
			buildConfigurations = (
				C533B2F327968D8000C15E48 /* Debug */,
				C533B2F427968D8000C15E48 /* Release */,
			);
			defaultConfigurationIsVisible = 0;
			defaultConfigurationName = Release;
		};
		C533B2F527968D8000C15E48 /* Build configuration list for PBXNativeTarget "JsonParsingTests" */ = {
			isa = XCConfigurationList;
			buildConfigurations = (
				C533B2F627968D8000C15E48 /* Debug */,
				C533B2F727968D8000C15E48 /* Release */,
			);
			defaultConfigurationIsVisible = 0;
			defaultConfigurationName = Release;
		};
		C533B2F827968D8000C15E48 /* Build configuration list for PBXNativeTarget "JsonParsingUITests" */ = {
			isa = XCConfigurationList;
			buildConfigurations = (
				C533B2F927968D8000C15E48 /* Debug */,
				C533B2FA27968D8000C15E48 /* Release */,
			);
			defaultConfigurationIsVisible = 0;
			defaultConfigurationName = Release;
		};
/* End XCConfigurationList section */
	};
	rootObject = C533B2C027968D7E00C15E48 /* Project object */;
}
